// !$*UTF8*$!
{
	archiveVersion = 1;
	classes = {
	};
	objectVersion = 46;
	objects = {

/* Begin PBXBuildFile section */
		EC5926C91A4E91F00084C50E /* main.c in Sources */ = {isa = PBXBuildFile; fileRef = EC5926C81A4E91F00084C50E /* main.c */; };
		EC5926D11A4E91FD0084C50E /* ArrayList.c in Sources */ = {isa = PBXBuildFile; fileRef = EC5926CF1A4E91FD0084C50E /* ArrayList.c */; };
		EC5926D41A4E92620084C50E /* Point.c in Sources */ = {isa = PBXBuildFile; fileRef = EC5926D21A4E92620084C50E /* Point.c */; };
/* End PBXBuildFile section */

/* Begin PBXCopyFilesBuildPhase section */
		EC5926C31A4E91EF0084C50E /* CopyFiles */ = {
			isa = PBXCopyFilesBuildPhase;
			buildActionMask = 2147483647;
			dstPath = /usr/share/man/man1/;
			dstSubfolderSpec = 0;
			files = (
			);
			runOnlyForDeploymentPostprocessing = 1;
		};
/* End PBXCopyFilesBuildPhase section */

/* Begin PBXFileReference section */
		EC5926C51A4E91EF0084C50E /* PointList */ = {isa = PBXFileReference; explicitFileType = "compiled.mach-o.executable"; includeInIndex = 0; path = PointList; sourceTree = BUILT_PRODUCTS_DIR; };
		EC5926C81A4E91F00084C50E /* main.c */ = {isa = PBXFileReference; lastKnownFileType = sourcecode.c.c; path = main.c; sourceTree = "<group>"; };
		EC5926CF1A4E91FD0084C50E /* ArrayList.c */ = {isa = PBXFileReference; fileEncoding = 4; lastKnownFileType = sourcecode.c.c; path = ArrayList.c; sourceTree = "<group>"; };
		EC5926D01A4E91FD0084C50E /* ArrayList.h */ = {isa = PBXFileReference; fileEncoding = 4; lastKnownFileType = sourcecode.c.h; path = ArrayList.h; sourceTree = "<group>"; };
		EC5926D21A4E92620084C50E /* Point.c */ = {isa = PBXFileReference; fileEncoding = 4; lastKnownFileType = sourcecode.c.c; path = Point.c; sourceTree = "<group>"; };
		EC5926D31A4E92620084C50E /* Point.h */ = {isa = PBXFileReference; fileEncoding = 4; lastKnownFileType = sourcecode.c.h; path = Point.h; sourceTree = "<group>"; };
/* End PBXFileReference section */

/* Begin PBXFrameworksBuildPhase section */
		EC5926C21A4E91EF0084C50E /* Frameworks */ = {
			isa = PBXFrameworksBuildPhase;
			buildActionMask = 2147483647;
			files = (
			);
			runOnlyForDeploymentPostprocessing = 0;
		};
/* End PBXFrameworksBuildPhase section */

/* Begin PBXGroup section */
		EC5926BC1A4E91EF0084C50E = {
			isa = PBXGroup;
			children = (
				EC5926C71A4E91EF0084C50E /* PointList */,
				EC5926C61A4E91EF0084C50E /* Products */,
			);
			sourceTree = "<group>";
		};
		EC5926C61A4E91EF0084C50E /* Products */ = {
			isa = PBXGroup;
			children = (
				EC5926C51A4E91EF0084C50E /* PointList */,
			);
			name = Products;
			sourceTree = "<group>";
		};
		EC5926C71A4E91EF0084C50E /* PointList */ = {
			isa = PBXGroup;
			children = (
				EC5926C81A4E91F00084C50E /* main.c */,
				EC5926D21A4E92620084C50E /* Point.c */,
				EC5926D31A4E92620084C50E /* Point.h */,
				EC5926CF1A4E91FD0084C50E /* ArrayList.c */,
				EC5926D01A4E91FD0084C50E /* ArrayList.h */,
			);
			path = PointList;
			sourceTree = "<group>";
		};
/* End PBXGroup section */

/* Begin PBXNativeTarget section */
		EC5926C41A4E91EF0084C50E /* PointList */ = {
			isa = PBXNativeTarget;
			buildConfigurationList = EC5926CC1A4E91F00084C50E /* Build configuration list for PBXNativeTarget "PointList" */;
			buildPhases = (
				EC5926C11A4E91EF0084C50E /* Sources */,
				EC5926C21A4E91EF0084C50E /* Frameworks */,
				EC5926C31A4E91EF0084C50E /* CopyFiles */,
			);
			buildRules = (
			);
			dependencies = (
			);
			name = PointList;
			productName = PointList;
			productReference = EC5926C51A4E91EF0084C50E /* PointList */;
			productType = "com.apple.product-type.tool";
		};
/* End PBXNativeTarget section */

/* Begin PBXProject section */
		EC5926BD1A4E91EF0084C50E /* Project object */ = {
			isa = PBXProject;
			attributes = {
				LastUpgradeCheck = 0610;
				ORGANIZATIONNAME = Hoo;
				TargetAttributes = {
					EC5926C41A4E91EF0084C50E = {
						CreatedOnToolsVersion = 6.1.1;
					};
				};
			};
			buildConfigurationList = EC5926C01A4E91EF0084C50E /* Build configuration list for PBXProject "PointList" */;
			compatibilityVersion = "Xcode 3.2";
			developmentRegion = English;
			hasScannedForEncodings = 0;
			knownRegions = (
				en,
			);
			mainGroup = EC5926BC1A4E91EF0084C50E;
			productRefGroup = EC5926C61A4E91EF0084C50E /* Products */;
			projectDirPath = "";
			projectRoot = "";
			targets = (
				EC5926C41A4E91EF0084C50E /* PointList */,
			);
		};
/* End PBXProject section */

/* Begin PBXSourcesBuildPhase section */
		EC5926C11A4E91EF0084C50E /* Sources */ = {
			isa = PBXSourcesBuildPhase;
			buildActionMask = 2147483647;
			files = (
				EC5926D41A4E92620084C50E /* Point.c in Sources */,
				EC5926C91A4E91F00084C50E /* main.c in Sources */,
				EC5926D11A4E91FD0084C50E /* ArrayList.c in Sources */,
			);
			runOnlyForDeploymentPostprocessing = 0;
		};
/* End PBXSourcesBuildPhase section */

/* Begin XCBuildConfiguration section */
		EC5926CA1A4E91F00084C50E /* Debug */ = {
			isa = XCBuildConfiguration;
			buildSettings = {
				ALWAYS_SEARCH_USER_PATHS = NO;
				CLANG_CXX_LANGUAGE_STANDARD = "gnu++0x";
				CLANG_CXX_LIBRARY = "libc++";
				CLANG_ENABLE_MODULES = YES;
				CLANG_ENABLE_OBJC_ARC = YES;
				CLANG_WARN_BOOL_CONVERSION = YES;
				CLANG_WARN_CONSTANT_CONVERSION = YES;
				CLANG_WARN_DIRECT_OBJC_ISA_USAGE = YES_ERROR;
				CLANG_WARN_EMPTY_BODY = YES;
				CLANG_WARN_ENUM_CONVERSION = YES;
				CLANG_WARN_INT_CONVERSION = YES;
				CLANG_WARN_OBJC_ROOT_CLASS = YES_ERROR;
				CLANG_WARN_UNREACHABLE_CODE = YES;
				CLANG_WARN__DUPLICATE_METHOD_MATCH = YES;
				COPY_PHASE_STRIP = NO;
				ENABLE_STRICT_OBJC_MSGSEND = YES;
				GCC_C_LANGUAGE_STANDARD = gnu99;
				GCC_DYNAMIC_NO_PIC = NO;
				GCC_OPTIMIZATION_LEVEL = 0;
				GCC_PREPROCESSOR_DEFINITIONS = (
					"DEBUG=1",
					"$(inherited)",
				);
				GCC_SYMBOLS_PRIVATE_EXTERN = NO;
				GCC_WARN_64_TO_32_BIT_CONVERSION = YES;
				GCC_WARN_ABOUT_RETURN_TYPE = YES_ERROR;
				GCC_WARN_UNDECLARED_SELECTOR = YES;
				GCC_WARN_UNINITIALIZED_AUTOS = YES_AGGRESSIVE;
				GCC_WARN_UNUSED_FUNCTION = YES;
				GCC_WARN_UNUSED_VARIABLE = YES;
				MACOSX_DEPLOYMENT_TARGET = 10.9;
				MTL_ENABLE_DEBUG_INFO = YES;
				ONLY_ACTIVE_ARCH = YES;
				SDKROOT = macosx;
			};
			name = Debug;
		};
		EC5926CB1A4E91F00084C50E /* Release */ = {
			isa = XCBuildConfiguration;
			buildSettings = {
				ALWAYS_SEARCH_USER_PATHS = NO;
				CLANG_CXX_LANGUAGE_STANDARD = "gnu++0x";
				CLANG_CXX_LIBRARY = "libc++";
				CLANG_ENABLE_MODULES = YES;
				CLANG_ENABLE_OBJC_ARC = YES;
				CLANG_WARN_BOOL_CONVERSION = YES;
				CLANG_WARN_CONSTANT_CONVERSION = YES;
				CLANG_WARN_DIRECT_OBJC_ISA_USAGE = YES_ERROR;
				CLANG_WARN_EMPTY_BODY = YES;
				CLANG_WARN_ENUM_CONVERSION = YES;
				CLANG_WARN_INT_CONVERSION = YES;
				CLANG_WARN_OBJC_ROOT_CLASS = YES_ERROR;
				CLANG_WARN_UNREACHABLE_CODE = YES;
				CLANG_WARN__DUPLICATE_METHOD_MATCH = YES;
				COPY_PHASE_STRIP = YES;
				DEBUG_INFORMATION_FORMAT = "dwarf-with-dsym";
				ENABLE_NS_ASSERTIONS = NO;
				ENABLE_STRICT_OBJC_MSGSEND = YES;
				GCC_C_LANGUAGE_STANDARD = gnu99;
				GCC_WARN_64_TO_32_BIT_CONVERSION = YES;
				GCC_WARN_ABOUT_RETURN_TYPE = YES_ERROR;
				GCC_WARN_UNDECLARED_SELECTOR = YES;
				GCC_WARN_UNINITIALIZED_AUTOS = YES_AGGRESSIVE;
				GCC_WARN_UNUSED_FUNCTION = YES;
				GCC_WARN_UNUSED_VARIABLE = YES;
				MACOSX_DEPLOYMENT_TARGET = 10.9;
				MTL_ENABLE_DEBUG_INFO = NO;
				SDKROOT = macosx;
			};
			name = Release;
		};
		EC5926CD1A4E91F00084C50E /* Debug */ = {
			isa = XCBuildConfiguration;
			buildSettings = {
				PRODUCT_NAME = "$(TARGET_NAME)";
			};
			name = Debug;
		};
		EC5926CE1A4E91F00084C50E /* Release */ = {
			isa = XCBuildConfiguration;
			buildSettings = {
				PRODUCT_NAME = "$(TARGET_NAME)";
			};
			name = Release;
		};
/* End XCBuildConfiguration section */

/* Begin XCConfigurationList section */
		EC5926C01A4E91EF0084C50E /* Build configuration list for PBXProject "PointList" */ = {
			isa = XCConfigurationList;
			buildConfigurations = (
				EC5926CA1A4E91F00084C50E /* Debug */,
				EC5926CB1A4E91F00084C50E /* Release */,
			);
			defaultConfigurationIsVisible = 0;
			defaultConfigurationName = Release;
		};
		EC5926CC1A4E91F00084C50E /* Build configuration list for PBXNativeTarget "PointList" */ = {
			isa = XCConfigurationList;
			buildConfigurations = (
				EC5926CD1A4E91F00084C50E /* Debug */,
				EC5926CE1A4E91F00084C50E /* Release */,
			);
			defaultConfigurationIsVisible = 0;
		};
/* End XCConfigurationList section */
	};
	rootObject = EC5926BD1A4E91EF0084C50E /* Project object */;
}
