// !$*UTF8*$!
{
	archiveVersion = 1;
	classes = {
	};
	objectVersion = 46;
	objects = {

/* Begin PBXBuildFile section */
		EC1DCB661A51AEF800B1B1BB /* main.c in Sources */ = {isa = PBXBuildFile; fileRef = EC1DCB651A51AEF800B1B1BB /* main.c */; };
		EC1DCB6E1A51D48400B1B1BB /* DLinkedList.c in Sources */ = {isa = PBXBuildFile; fileRef = EC1DCB6C1A51D48400B1B1BB /* DLinkedList.c */; };
/* End PBXBuildFile section */

/* Begin PBXCopyFilesBuildPhase section */
		EC1DCB601A51AEF800B1B1BB /* CopyFiles */ = {
			isa = PBXCopyFilesBuildPhase;
			buildActionMask = 2147483647;
			dstPath = /usr/share/man/man1/;
			dstSubfolderSpec = 0;
			files = (
			);
			runOnlyForDeploymentPostprocessing = 1;
		};
/* End PBXCopyFilesBuildPhase section */

/* Begin PBXFileReference section */
		EC1DCB621A51AEF800B1B1BB /* DLinkedList */ = {isa = PBXFileReference; explicitFileType = "compiled.mach-o.executable"; includeInIndex = 0; path = DLinkedList; sourceTree = BUILT_PRODUCTS_DIR; };
		EC1DCB651A51AEF800B1B1BB /* main.c */ = {isa = PBXFileReference; lastKnownFileType = sourcecode.c.c; path = main.c; sourceTree = "<group>"; };
		EC1DCB6C1A51D48400B1B1BB /* DLinkedList.c */ = {isa = PBXFileReference; fileEncoding = 4; lastKnownFileType = sourcecode.c.c; path = DLinkedList.c; sourceTree = "<group>"; };
		EC1DCB6D1A51D48400B1B1BB /* DLinkedList.h */ = {isa = PBXFileReference; fileEncoding = 4; lastKnownFileType = sourcecode.c.h; path = DLinkedList.h; sourceTree = "<group>"; };
/* End PBXFileReference section */

/* Begin PBXFrameworksBuildPhase section */
		EC1DCB5F1A51AEF800B1B1BB /* Frameworks */ = {
			isa = PBXFrameworksBuildPhase;
			buildActionMask = 2147483647;
			files = (
			);
			runOnlyForDeploymentPostprocessing = 0;
		};
/* End PBXFrameworksBuildPhase section */

/* Begin PBXGroup section */
		EC1DCB591A51AEF800B1B1BB = {
			isa = PBXGroup;
			children = (
				EC1DCB641A51AEF800B1B1BB /* DLinkedList */,
				EC1DCB631A51AEF800B1B1BB /* Products */,
			);
			sourceTree = "<group>";
		};
		EC1DCB631A51AEF800B1B1BB /* Products */ = {
			isa = PBXGroup;
			children = (
				EC1DCB621A51AEF800B1B1BB /* DLinkedList */,
			);
			name = Products;
			sourceTree = "<group>";
		};
		EC1DCB641A51AEF800B1B1BB /* DLinkedList */ = {
			isa = PBXGroup;
			children = (
				EC1DCB651A51AEF800B1B1BB /* main.c */,
				EC1DCB6C1A51D48400B1B1BB /* DLinkedList.c */,
				EC1DCB6D1A51D48400B1B1BB /* DLinkedList.h */,
			);
			path = DLinkedList;
			sourceTree = "<group>";
		};
/* End PBXGroup section */

/* Begin PBXNativeTarget section */
		EC1DCB611A51AEF800B1B1BB /* DLinkedList */ = {
			isa = PBXNativeTarget;
			buildConfigurationList = EC1DCB691A51AEF800B1B1BB /* Build configuration list for PBXNativeTarget "DLinkedList" */;
			buildPhases = (
				EC1DCB5E1A51AEF800B1B1BB /* Sources */,
				EC1DCB5F1A51AEF800B1B1BB /* Frameworks */,
				EC1DCB601A51AEF800B1B1BB /* CopyFiles */,
			);
			buildRules = (
			);
			dependencies = (
			);
			name = DLinkedList;
			productName = DLinkedList;
			productReference = EC1DCB621A51AEF800B1B1BB /* DLinkedList */;
			productType = "com.apple.product-type.tool";
		};
/* End PBXNativeTarget section */

/* Begin PBXProject section */
		EC1DCB5A1A51AEF800B1B1BB /* Project object */ = {
			isa = PBXProject;
			attributes = {
				LastUpgradeCheck = 0610;
				ORGANIZATIONNAME = Hoo;
				TargetAttributes = {
					EC1DCB611A51AEF800B1B1BB = {
						CreatedOnToolsVersion = 6.1.1;
					};
				};
			};
			buildConfigurationList = EC1DCB5D1A51AEF800B1B1BB /* Build configuration list for PBXProject "DLinkedList" */;
			compatibilityVersion = "Xcode 3.2";
			developmentRegion = English;
			hasScannedForEncodings = 0;
			knownRegions = (
				en,
			);
			mainGroup = EC1DCB591A51AEF800B1B1BB;
			productRefGroup = EC1DCB631A51AEF800B1B1BB /* Products */;
			projectDirPath = "";
			projectRoot = "";
			targets = (
				EC1DCB611A51AEF800B1B1BB /* DLinkedList */,
			);
		};
/* End PBXProject section */

/* Begin PBXSourcesBuildPhase section */
		EC1DCB5E1A51AEF800B1B1BB /* Sources */ = {
			isa = PBXSourcesBuildPhase;
			buildActionMask = 2147483647;
			files = (
				EC1DCB661A51AEF800B1B1BB /* main.c in Sources */,
				EC1DCB6E1A51D48400B1B1BB /* DLinkedList.c in Sources */,
			);
			runOnlyForDeploymentPostprocessing = 0;
		};
/* End PBXSourcesBuildPhase section */

/* Begin XCBuildConfiguration section */
		EC1DCB671A51AEF800B1B1BB /* Debug */ = {
			isa = XCBuildConfiguration;
			buildSettings = {
				ALWAYS_SEARCH_USER_PATHS = NO;
				CLANG_CXX_LANGUAGE_STANDARD = "gnu++0x";
				CLANG_CXX_LIBRARY = "libc++";
				CLANG_ENABLE_MODULES = YES;
				CLANG_ENABLE_OBJC_ARC = YES;
				CLANG_WARN_BOOL_CONVERSION = YES;
				CLANG_WARN_CONSTANT_CONVERSION = YES;
				CLANG_WARN_DIRECT_OBJC_ISA_USAGE = YES_ERROR;
				CLANG_WARN_EMPTY_BODY = YES;
				CLANG_WARN_ENUM_CONVERSION = YES;
				CLANG_WARN_INT_CONVERSION = YES;
				CLANG_WARN_OBJC_ROOT_CLASS = YES_ERROR;
				CLANG_WARN_UNREACHABLE_CODE = YES;
				CLANG_WARN__DUPLICATE_METHOD_MATCH = YES;
				COPY_PHASE_STRIP = NO;
				ENABLE_STRICT_OBJC_MSGSEND = YES;
				GCC_C_LANGUAGE_STANDARD = gnu99;
				GCC_DYNAMIC_NO_PIC = NO;
				GCC_OPTIMIZATION_LEVEL = 0;
				GCC_PREPROCESSOR_DEFINITIONS = (
					"DEBUG=1",
					"$(inherited)",
				);
				GCC_SYMBOLS_PRIVATE_EXTERN = NO;
				GCC_WARN_64_TO_32_BIT_CONVERSION = YES;
				GCC_WARN_ABOUT_RETURN_TYPE = YES_ERROR;
				GCC_WARN_UNDECLARED_SELECTOR = YES;
				GCC_WARN_UNINITIALIZED_AUTOS = YES_AGGRESSIVE;
				GCC_WARN_UNUSED_FUNCTION = YES;
				GCC_WARN_UNUSED_VARIABLE = YES;
				MACOSX_DEPLOYMENT_TARGET = 10.9;
				MTL_ENABLE_DEBUG_INFO = YES;
				ONLY_ACTIVE_ARCH = YES;
				SDKROOT = macosx;
			};
			name = Debug;
		};
		EC1DCB681A51AEF800B1B1BB /* Release */ = {
			isa = XCBuildConfiguration;
			buildSettings = {
				ALWAYS_SEARCH_USER_PATHS = NO;
				CLANG_CXX_LANGUAGE_STANDARD = "gnu++0x";
				CLANG_CXX_LIBRARY = "libc++";
				CLANG_ENABLE_MODULES = YES;
				CLANG_ENABLE_OBJC_ARC = YES;
				CLANG_WARN_BOOL_CONVERSION = YES;
				CLANG_WARN_CONSTANT_CONVERSION = YES;
				CLANG_WARN_DIRECT_OBJC_ISA_USAGE = YES_ERROR;
				CLANG_WARN_EMPTY_BODY = YES;
				CLANG_WARN_ENUM_CONVERSION = YES;
				CLANG_WARN_INT_CONVERSION = YES;
				CLANG_WARN_OBJC_ROOT_CLASS = YES_ERROR;
				CLANG_WARN_UNREACHABLE_CODE = YES;
				CLANG_WARN__DUPLICATE_METHOD_MATCH = YES;
				COPY_PHASE_STRIP = YES;
				DEBUG_INFORMATION_FORMAT = "dwarf-with-dsym";
				ENABLE_NS_ASSERTIONS = NO;
				ENABLE_STRICT_OBJC_MSGSEND = YES;
				GCC_C_LANGUAGE_STANDARD = gnu99;
				GCC_WARN_64_TO_32_BIT_CONVERSION = YES;
				GCC_WARN_ABOUT_RETURN_TYPE = YES_ERROR;
				GCC_WARN_UNDECLARED_SELECTOR = YES;
				GCC_WARN_UNINITIALIZED_AUTOS = YES_AGGRESSIVE;
				GCC_WARN_UNUSED_FUNCTION = YES;
				GCC_WARN_UNUSED_VARIABLE = YES;
				MACOSX_DEPLOYMENT_TARGET = 10.9;
				MTL_ENABLE_DEBUG_INFO = NO;
				SDKROOT = macosx;
			};
			name = Release;
		};
		EC1DCB6A1A51AEF800B1B1BB /* Debug */ = {
			isa = XCBuildConfiguration;
			buildSettings = {
				PRODUCT_NAME = "$(TARGET_NAME)";
			};
			name = Debug;
		};
		EC1DCB6B1A51AEF800B1B1BB /* Release */ = {
			isa = XCBuildConfiguration;
			buildSettings = {
				PRODUCT_NAME = "$(TARGET_NAME)";
			};
			name = Release;
		};
/* End XCBuildConfiguration section */

/* Begin XCConfigurationList section */
		EC1DCB5D1A51AEF800B1B1BB /* Build configuration list for PBXProject "DLinkedList" */ = {
			isa = XCConfigurationList;
			buildConfigurations = (
				EC1DCB671A51AEF800B1B1BB /* Debug */,
				EC1DCB681A51AEF800B1B1BB /* Release */,
			);
			defaultConfigurationIsVisible = 0;
			defaultConfigurationName = Release;
		};
		EC1DCB691A51AEF800B1B1BB /* Build configuration list for PBXNativeTarget "DLinkedList" */ = {
			isa = XCConfigurationList;
			buildConfigurations = (
				EC1DCB6A1A51AEF800B1B1BB /* Debug */,
				EC1DCB6B1A51AEF800B1B1BB /* Release */,
			);
			defaultConfigurationIsVisible = 0;
		};
/* End XCConfigurationList section */
	};
	rootObject = EC1DCB5A1A51AEF800B1B1BB /* Project object */;
}
