// !$*UTF8*$!
{
	archiveVersion = 1;
	classes = {
	};
	objectVersion = 46;
	objects = {

/* Begin PBXBuildFile section */
		EC59EEDB1A6E2864000FFEB4 /* main.c in Sources */ = {isa = PBXBuildFile; fileRef = EC59EEDA1A6E2864000FFEB4 /* main.c */; };
		EC59EEE31A6E2870000FFEB4 /* BTree.c in Sources */ = {isa = PBXBuildFile; fileRef = EC59EEE11A6E2870000FFEB4 /* BTree.c */; };
/* End PBXBuildFile section */

/* Begin PBXCopyFilesBuildPhase section */
		EC59EED51A6E2864000FFEB4 /* CopyFiles */ = {
			isa = PBXCopyFilesBuildPhase;
			buildActionMask = 2147483647;
			dstPath = /usr/share/man/man1/;
			dstSubfolderSpec = 0;
			files = (
			);
			runOnlyForDeploymentPostprocessing = 1;
		};
/* End PBXCopyFilesBuildPhase section */

/* Begin PBXFileReference section */
		EC59EED71A6E2864000FFEB4 /* PreOrderTraverse */ = {isa = PBXFileReference; explicitFileType = "compiled.mach-o.executable"; includeInIndex = 0; path = PreOrderTraverse; sourceTree = BUILT_PRODUCTS_DIR; };
		EC59EEDA1A6E2864000FFEB4 /* main.c */ = {isa = PBXFileReference; lastKnownFileType = sourcecode.c.c; path = main.c; sourceTree = "<group>"; };
		EC59EEE11A6E2870000FFEB4 /* BTree.c */ = {isa = PBXFileReference; fileEncoding = 4; lastKnownFileType = sourcecode.c.c; path = BTree.c; sourceTree = "<group>"; };
		EC59EEE21A6E2870000FFEB4 /* BTree.h */ = {isa = PBXFileReference; fileEncoding = 4; lastKnownFileType = sourcecode.c.h; path = BTree.h; sourceTree = "<group>"; };
/* End PBXFileReference section */

/* Begin PBXFrameworksBuildPhase section */
		EC59EED41A6E2864000FFEB4 /* Frameworks */ = {
			isa = PBXFrameworksBuildPhase;
			buildActionMask = 2147483647;
			files = (
			);
			runOnlyForDeploymentPostprocessing = 0;
		};
/* End PBXFrameworksBuildPhase section */

/* Begin PBXGroup section */
		EC59EECE1A6E2864000FFEB4 = {
			isa = PBXGroup;
			children = (
				EC59EED91A6E2864000FFEB4 /* PreOrderTraverse */,
				EC59EED81A6E2864000FFEB4 /* Products */,
			);
			sourceTree = "<group>";
		};
		EC59EED81A6E2864000FFEB4 /* Products */ = {
			isa = PBXGroup;
			children = (
				EC59EED71A6E2864000FFEB4 /* PreOrderTraverse */,
			);
			name = Products;
			sourceTree = "<group>";
		};
		EC59EED91A6E2864000FFEB4 /* PreOrderTraverse */ = {
			isa = PBXGroup;
			children = (
				EC59EEDA1A6E2864000FFEB4 /* main.c */,
				EC59EEE11A6E2870000FFEB4 /* BTree.c */,
				EC59EEE21A6E2870000FFEB4 /* BTree.h */,
			);
			path = PreOrderTraverse;
			sourceTree = "<group>";
		};
/* End PBXGroup section */

/* Begin PBXNativeTarget section */
		EC59EED61A6E2864000FFEB4 /* PreOrderTraverse */ = {
			isa = PBXNativeTarget;
			buildConfigurationList = EC59EEDE1A6E2864000FFEB4 /* Build configuration list for PBXNativeTarget "PreOrderTraverse" */;
			buildPhases = (
				EC59EED31A6E2864000FFEB4 /* Sources */,
				EC59EED41A6E2864000FFEB4 /* Frameworks */,
				EC59EED51A6E2864000FFEB4 /* CopyFiles */,
			);
			buildRules = (
			);
			dependencies = (
			);
			name = PreOrderTraverse;
			productName = PreOrderTraverse;
			productReference = EC59EED71A6E2864000FFEB4 /* PreOrderTraverse */;
			productType = "com.apple.product-type.tool";
		};
/* End PBXNativeTarget section */

/* Begin PBXProject section */
		EC59EECF1A6E2864000FFEB4 /* Project object */ = {
			isa = PBXProject;
			attributes = {
				LastUpgradeCheck = 0610;
				ORGANIZATIONNAME = Hoo;
				TargetAttributes = {
					EC59EED61A6E2864000FFEB4 = {
						CreatedOnToolsVersion = 6.1.1;
					};
				};
			};
			buildConfigurationList = EC59EED21A6E2864000FFEB4 /* Build configuration list for PBXProject "PreOrderTraverse" */;
			compatibilityVersion = "Xcode 3.2";
			developmentRegion = English;
			hasScannedForEncodings = 0;
			knownRegions = (
				en,
			);
			mainGroup = EC59EECE1A6E2864000FFEB4;
			productRefGroup = EC59EED81A6E2864000FFEB4 /* Products */;
			projectDirPath = "";
			projectRoot = "";
			targets = (
				EC59EED61A6E2864000FFEB4 /* PreOrderTraverse */,
			);
		};
/* End PBXProject section */

/* Begin PBXSourcesBuildPhase section */
		EC59EED31A6E2864000FFEB4 /* Sources */ = {
			isa = PBXSourcesBuildPhase;
			buildActionMask = 2147483647;
			files = (
				EC59EEE31A6E2870000FFEB4 /* BTree.c in Sources */,
				EC59EEDB1A6E2864000FFEB4 /* main.c in Sources */,
			);
			runOnlyForDeploymentPostprocessing = 0;
		};
/* End PBXSourcesBuildPhase section */

/* Begin XCBuildConfiguration section */
		EC59EEDC1A6E2864000FFEB4 /* Debug */ = {
			isa = XCBuildConfiguration;
			buildSettings = {
				ALWAYS_SEARCH_USER_PATHS = NO;
				CLANG_CXX_LANGUAGE_STANDARD = "gnu++0x";
				CLANG_CXX_LIBRARY = "libc++";
				CLANG_ENABLE_MODULES = YES;
				CLANG_ENABLE_OBJC_ARC = YES;
				CLANG_WARN_BOOL_CONVERSION = YES;
				CLANG_WARN_CONSTANT_CONVERSION = YES;
				CLANG_WARN_DIRECT_OBJC_ISA_USAGE = YES_ERROR;
				CLANG_WARN_EMPTY_BODY = YES;
				CLANG_WARN_ENUM_CONVERSION = YES;
				CLANG_WARN_INT_CONVERSION = YES;
				CLANG_WARN_OBJC_ROOT_CLASS = YES_ERROR;
				CLANG_WARN_UNREACHABLE_CODE = YES;
				CLANG_WARN__DUPLICATE_METHOD_MATCH = YES;
				COPY_PHASE_STRIP = NO;
				ENABLE_STRICT_OBJC_MSGSEND = YES;
				GCC_C_LANGUAGE_STANDARD = gnu99;
				GCC_DYNAMIC_NO_PIC = NO;
				GCC_OPTIMIZATION_LEVEL = 0;
				GCC_PREPROCESSOR_DEFINITIONS = (
					"DEBUG=1",
					"$(inherited)",
				);
				GCC_SYMBOLS_PRIVATE_EXTERN = NO;
				GCC_WARN_64_TO_32_BIT_CONVERSION = YES;
				GCC_WARN_ABOUT_RETURN_TYPE = YES_ERROR;
				GCC_WARN_UNDECLARED_SELECTOR = YES;
				GCC_WARN_UNINITIALIZED_AUTOS = YES_AGGRESSIVE;
				GCC_WARN_UNUSED_FUNCTION = YES;
				GCC_WARN_UNUSED_VARIABLE = YES;
				MACOSX_DEPLOYMENT_TARGET = 10.9;
				MTL_ENABLE_DEBUG_INFO = YES;
				ONLY_ACTIVE_ARCH = YES;
				SDKROOT = macosx;
			};
			name = Debug;
		};
		EC59EEDD1A6E2864000FFEB4 /* Release */ = {
			isa = XCBuildConfiguration;
			buildSettings = {
				ALWAYS_SEARCH_USER_PATHS = NO;
				CLANG_CXX_LANGUAGE_STANDARD = "gnu++0x";
				CLANG_CXX_LIBRARY = "libc++";
				CLANG_ENABLE_MODULES = YES;
				CLANG_ENABLE_OBJC_ARC = YES;
				CLANG_WARN_BOOL_CONVERSION = YES;
				CLANG_WARN_CONSTANT_CONVERSION = YES;
				CLANG_WARN_DIRECT_OBJC_ISA_USAGE = YES_ERROR;
				CLANG_WARN_EMPTY_BODY = YES;
				CLANG_WARN_ENUM_CONVERSION = YES;
				CLANG_WARN_INT_CONVERSION = YES;
				CLANG_WARN_OBJC_ROOT_CLASS = YES_ERROR;
				CLANG_WARN_UNREACHABLE_CODE = YES;
				CLANG_WARN__DUPLICATE_METHOD_MATCH = YES;
				COPY_PHASE_STRIP = YES;
				DEBUG_INFORMATION_FORMAT = "dwarf-with-dsym";
				ENABLE_NS_ASSERTIONS = NO;
				ENABLE_STRICT_OBJC_MSGSEND = YES;
				GCC_C_LANGUAGE_STANDARD = gnu99;
				GCC_WARN_64_TO_32_BIT_CONVERSION = YES;
				GCC_WARN_ABOUT_RETURN_TYPE = YES_ERROR;
				GCC_WARN_UNDECLARED_SELECTOR = YES;
				GCC_WARN_UNINITIALIZED_AUTOS = YES_AGGRESSIVE;
				GCC_WARN_UNUSED_FUNCTION = YES;
				GCC_WARN_UNUSED_VARIABLE = YES;
				MACOSX_DEPLOYMENT_TARGET = 10.9;
				MTL_ENABLE_DEBUG_INFO = NO;
				SDKROOT = macosx;
			};
			name = Release;
		};
		EC59EEDF1A6E2864000FFEB4 /* Debug */ = {
			isa = XCBuildConfiguration;
			buildSettings = {
				PRODUCT_NAME = "$(TARGET_NAME)";
			};
			name = Debug;
		};
		EC59EEE01A6E2864000FFEB4 /* Release */ = {
			isa = XCBuildConfiguration;
			buildSettings = {
				PRODUCT_NAME = "$(TARGET_NAME)";
			};
			name = Release;
		};
/* End XCBuildConfiguration section */

/* Begin XCConfigurationList section */
		EC59EED21A6E2864000FFEB4 /* Build configuration list for PBXProject "PreOrderTraverse" */ = {
			isa = XCConfigurationList;
			buildConfigurations = (
				EC59EEDC1A6E2864000FFEB4 /* Debug */,
				EC59EEDD1A6E2864000FFEB4 /* Release */,
			);
			defaultConfigurationIsVisible = 0;
			defaultConfigurationName = Release;
		};
		EC59EEDE1A6E2864000FFEB4 /* Build configuration list for PBXNativeTarget "PreOrderTraverse" */ = {
			isa = XCConfigurationList;
			buildConfigurations = (
				EC59EEDF1A6E2864000FFEB4 /* Debug */,
				EC59EEE01A6E2864000FFEB4 /* Release */,
			);
			defaultConfigurationIsVisible = 0;
		};
/* End XCConfigurationList section */
	};
	rootObject = EC59EECF1A6E2864000FFEB4 /* Project object */;
}
