// !$*UTF8*$!
{
	archiveVersion = 1;
	classes = {
	};
	objectVersion = 46;
	objects = {

/* Begin PBXBuildFile section */
		EC6F3DA31A762B7600C8FB8B /* main.c in Sources */ = {isa = PBXBuildFile; fileRef = EC6F3DA21A762B7600C8FB8B /* main.c */; };
		EC6F3DAB1A762B8E00C8FB8B /* QuickSort.c in Sources */ = {isa = PBXBuildFile; fileRef = EC6F3DA91A762B8E00C8FB8B /* QuickSort.c */; };
/* End PBXBuildFile section */

/* Begin PBXCopyFilesBuildPhase section */
		EC6F3D9D1A762B7600C8FB8B /* CopyFiles */ = {
			isa = PBXCopyFilesBuildPhase;
			buildActionMask = 2147483647;
			dstPath = /usr/share/man/man1/;
			dstSubfolderSpec = 0;
			files = (
			);
			runOnlyForDeploymentPostprocessing = 1;
		};
/* End PBXCopyFilesBuildPhase section */

/* Begin PBXFileReference section */
		EC6F3D9F1A762B7600C8FB8B /* QuickSort */ = {isa = PBXFileReference; explicitFileType = "compiled.mach-o.executable"; includeInIndex = 0; path = QuickSort; sourceTree = BUILT_PRODUCTS_DIR; };
		EC6F3DA21A762B7600C8FB8B /* main.c */ = {isa = PBXFileReference; lastKnownFileType = sourcecode.c.c; path = main.c; sourceTree = "<group>"; };
		EC6F3DA91A762B8E00C8FB8B /* QuickSort.c */ = {isa = PBXFileReference; fileEncoding = 4; lastKnownFileType = sourcecode.c.c; path = QuickSort.c; sourceTree = "<group>"; };
		EC6F3DAA1A762B8E00C8FB8B /* QuickSort.h */ = {isa = PBXFileReference; fileEncoding = 4; lastKnownFileType = sourcecode.c.h; path = QuickSort.h; sourceTree = "<group>"; };
/* End PBXFileReference section */

/* Begin PBXFrameworksBuildPhase section */
		EC6F3D9C1A762B7600C8FB8B /* Frameworks */ = {
			isa = PBXFrameworksBuildPhase;
			buildActionMask = 2147483647;
			files = (
			);
			runOnlyForDeploymentPostprocessing = 0;
		};
/* End PBXFrameworksBuildPhase section */

/* Begin PBXGroup section */
		EC6F3D961A762B7600C8FB8B = {
			isa = PBXGroup;
			children = (
				EC6F3DA11A762B7600C8FB8B /* QuickSort */,
				EC6F3DA01A762B7600C8FB8B /* Products */,
			);
			sourceTree = "<group>";
		};
		EC6F3DA01A762B7600C8FB8B /* Products */ = {
			isa = PBXGroup;
			children = (
				EC6F3D9F1A762B7600C8FB8B /* QuickSort */,
			);
			name = Products;
			sourceTree = "<group>";
		};
		EC6F3DA11A762B7600C8FB8B /* QuickSort */ = {
			isa = PBXGroup;
			children = (
				EC6F3DA21A762B7600C8FB8B /* main.c */,
				EC6F3DA91A762B8E00C8FB8B /* QuickSort.c */,
				EC6F3DAA1A762B8E00C8FB8B /* QuickSort.h */,
			);
			path = QuickSort;
			sourceTree = "<group>";
		};
/* End PBXGroup section */

/* Begin PBXNativeTarget section */
		EC6F3D9E1A762B7600C8FB8B /* QuickSort */ = {
			isa = PBXNativeTarget;
			buildConfigurationList = EC6F3DA61A762B7600C8FB8B /* Build configuration list for PBXNativeTarget "QuickSort" */;
			buildPhases = (
				EC6F3D9B1A762B7600C8FB8B /* Sources */,
				EC6F3D9C1A762B7600C8FB8B /* Frameworks */,
				EC6F3D9D1A762B7600C8FB8B /* CopyFiles */,
			);
			buildRules = (
			);
			dependencies = (
			);
			name = QuickSort;
			productName = QuickSort;
			productReference = EC6F3D9F1A762B7600C8FB8B /* QuickSort */;
			productType = "com.apple.product-type.tool";
		};
/* End PBXNativeTarget section */

/* Begin PBXProject section */
		EC6F3D971A762B7600C8FB8B /* Project object */ = {
			isa = PBXProject;
			attributes = {
				LastUpgradeCheck = 0610;
				ORGANIZATIONNAME = Hoo;
				TargetAttributes = {
					EC6F3D9E1A762B7600C8FB8B = {
						CreatedOnToolsVersion = 6.1.1;
					};
				};
			};
			buildConfigurationList = EC6F3D9A1A762B7600C8FB8B /* Build configuration list for PBXProject "QuickSort" */;
			compatibilityVersion = "Xcode 3.2";
			developmentRegion = English;
			hasScannedForEncodings = 0;
			knownRegions = (
				en,
			);
			mainGroup = EC6F3D961A762B7600C8FB8B;
			productRefGroup = EC6F3DA01A762B7600C8FB8B /* Products */;
			projectDirPath = "";
			projectRoot = "";
			targets = (
				EC6F3D9E1A762B7600C8FB8B /* QuickSort */,
			);
		};
/* End PBXProject section */

/* Begin PBXSourcesBuildPhase section */
		EC6F3D9B1A762B7600C8FB8B /* Sources */ = {
			isa = PBXSourcesBuildPhase;
			buildActionMask = 2147483647;
			files = (
				EC6F3DA31A762B7600C8FB8B /* main.c in Sources */,
				EC6F3DAB1A762B8E00C8FB8B /* QuickSort.c in Sources */,
			);
			runOnlyForDeploymentPostprocessing = 0;
		};
/* End PBXSourcesBuildPhase section */

/* Begin XCBuildConfiguration section */
		EC6F3DA41A762B7600C8FB8B /* Debug */ = {
			isa = XCBuildConfiguration;
			buildSettings = {
				ALWAYS_SEARCH_USER_PATHS = NO;
				CLANG_CXX_LANGUAGE_STANDARD = "gnu++0x";
				CLANG_CXX_LIBRARY = "libc++";
				CLANG_ENABLE_MODULES = YES;
				CLANG_ENABLE_OBJC_ARC = YES;
				CLANG_WARN_BOOL_CONVERSION = YES;
				CLANG_WARN_CONSTANT_CONVERSION = YES;
				CLANG_WARN_DIRECT_OBJC_ISA_USAGE = YES_ERROR;
				CLANG_WARN_EMPTY_BODY = YES;
				CLANG_WARN_ENUM_CONVERSION = YES;
				CLANG_WARN_INT_CONVERSION = YES;
				CLANG_WARN_OBJC_ROOT_CLASS = YES_ERROR;
				CLANG_WARN_UNREACHABLE_CODE = YES;
				CLANG_WARN__DUPLICATE_METHOD_MATCH = YES;
				COPY_PHASE_STRIP = NO;
				ENABLE_STRICT_OBJC_MSGSEND = YES;
				GCC_C_LANGUAGE_STANDARD = gnu99;
				GCC_DYNAMIC_NO_PIC = NO;
				GCC_OPTIMIZATION_LEVEL = 0;
				GCC_PREPROCESSOR_DEFINITIONS = (
					"DEBUG=1",
					"$(inherited)",
				);
				GCC_SYMBOLS_PRIVATE_EXTERN = NO;
				GCC_WARN_64_TO_32_BIT_CONVERSION = YES;
				GCC_WARN_ABOUT_RETURN_TYPE = YES_ERROR;
				GCC_WARN_UNDECLARED_SELECTOR = YES;
				GCC_WARN_UNINITIALIZED_AUTOS = YES_AGGRESSIVE;
				GCC_WARN_UNUSED_FUNCTION = YES;
				GCC_WARN_UNUSED_VARIABLE = YES;
				MACOSX_DEPLOYMENT_TARGET = 10.9;
				MTL_ENABLE_DEBUG_INFO = YES;
				ONLY_ACTIVE_ARCH = YES;
				SDKROOT = macosx;
			};
			name = Debug;
		};
		EC6F3DA51A762B7600C8FB8B /* Release */ = {
			isa = XCBuildConfiguration;
			buildSettings = {
				ALWAYS_SEARCH_USER_PATHS = NO;
				CLANG_CXX_LANGUAGE_STANDARD = "gnu++0x";
				CLANG_CXX_LIBRARY = "libc++";
				CLANG_ENABLE_MODULES = YES;
				CLANG_ENABLE_OBJC_ARC = YES;
				CLANG_WARN_BOOL_CONVERSION = YES;
				CLANG_WARN_CONSTANT_CONVERSION = YES;
				CLANG_WARN_DIRECT_OBJC_ISA_USAGE = YES_ERROR;
				CLANG_WARN_EMPTY_BODY = YES;
				CLANG_WARN_ENUM_CONVERSION = YES;
				CLANG_WARN_INT_CONVERSION = YES;
				CLANG_WARN_OBJC_ROOT_CLASS = YES_ERROR;
				CLANG_WARN_UNREACHABLE_CODE = YES;
				CLANG_WARN__DUPLICATE_METHOD_MATCH = YES;
				COPY_PHASE_STRIP = YES;
				DEBUG_INFORMATION_FORMAT = "dwarf-with-dsym";
				ENABLE_NS_ASSERTIONS = NO;
				ENABLE_STRICT_OBJC_MSGSEND = YES;
				GCC_C_LANGUAGE_STANDARD = gnu99;
				GCC_WARN_64_TO_32_BIT_CONVERSION = YES;
				GCC_WARN_ABOUT_RETURN_TYPE = YES_ERROR;
				GCC_WARN_UNDECLARED_SELECTOR = YES;
				GCC_WARN_UNINITIALIZED_AUTOS = YES_AGGRESSIVE;
				GCC_WARN_UNUSED_FUNCTION = YES;
				GCC_WARN_UNUSED_VARIABLE = YES;
				MACOSX_DEPLOYMENT_TARGET = 10.9;
				MTL_ENABLE_DEBUG_INFO = NO;
				SDKROOT = macosx;
			};
			name = Release;
		};
		EC6F3DA71A762B7600C8FB8B /* Debug */ = {
			isa = XCBuildConfiguration;
			buildSettings = {
				PRODUCT_NAME = "$(TARGET_NAME)";
			};
			name = Debug;
		};
		EC6F3DA81A762B7600C8FB8B /* Release */ = {
			isa = XCBuildConfiguration;
			buildSettings = {
				PRODUCT_NAME = "$(TARGET_NAME)";
			};
			name = Release;
		};
/* End XCBuildConfiguration section */

/* Begin XCConfigurationList section */
		EC6F3D9A1A762B7600C8FB8B /* Build configuration list for PBXProject "QuickSort" */ = {
			isa = XCConfigurationList;
			buildConfigurations = (
				EC6F3DA41A762B7600C8FB8B /* Debug */,
				EC6F3DA51A762B7600C8FB8B /* Release */,
			);
			defaultConfigurationIsVisible = 0;
			defaultConfigurationName = Release;
		};
		EC6F3DA61A762B7600C8FB8B /* Build configuration list for PBXNativeTarget "QuickSort" */ = {
			isa = XCConfigurationList;
			buildConfigurations = (
				EC6F3DA71A762B7600C8FB8B /* Debug */,
				EC6F3DA81A762B7600C8FB8B /* Release */,
			);
			defaultConfigurationIsVisible = 0;
		};
/* End XCConfigurationList section */
	};
	rootObject = EC6F3D971A762B7600C8FB8B /* Project object */;
}
