// !$*UTF8*$!
{
	archiveVersion = 1;
	classes = {
	};
	objectVersion = 46;
	objects = {

/* Begin PBXBuildFile section */
		EC59EF261A6E3666000FFEB4 /* BinaryTree2.c in Sources */ = {isa = PBXBuildFile; fileRef = EC59EF231A6E3666000FFEB4 /* BinaryTree2.c */; };
		EC59EF271A6E3666000FFEB4 /* BinaryTreeDeleteMain.c in Sources */ = {isa = PBXBuildFile; fileRef = EC59EF251A6E3666000FFEB4 /* BinaryTreeDeleteMain.c */; };
/* End PBXBuildFile section */

/* Begin PBXCopyFilesBuildPhase section */
		EC59EF171A6E3654000FFEB4 /* CopyFiles */ = {
			isa = PBXCopyFilesBuildPhase;
			buildActionMask = 2147483647;
			dstPath = /usr/share/man/man1/;
			dstSubfolderSpec = 0;
			files = (
			);
			runOnlyForDeploymentPostprocessing = 1;
		};
/* End PBXCopyFilesBuildPhase section */

/* Begin PBXFileReference section */
		EC59EF191A6E3654000FFEB4 /* RemoveBTreeSolution */ = {isa = PBXFileReference; explicitFileType = "compiled.mach-o.executable"; includeInIndex = 0; path = RemoveBTreeSolution; sourceTree = BUILT_PRODUCTS_DIR; };
		EC59EF231A6E3666000FFEB4 /* BinaryTree2.c */ = {isa = PBXFileReference; fileEncoding = 4; lastKnownFileType = sourcecode.c.c; path = BinaryTree2.c; sourceTree = "<group>"; };
		EC59EF241A6E3666000FFEB4 /* BinaryTree2.h */ = {isa = PBXFileReference; fileEncoding = 4; lastKnownFileType = sourcecode.c.h; path = BinaryTree2.h; sourceTree = "<group>"; };
		EC59EF251A6E3666000FFEB4 /* BinaryTreeDeleteMain.c */ = {isa = PBXFileReference; fileEncoding = 4; lastKnownFileType = sourcecode.c.c; path = BinaryTreeDeleteMain.c; sourceTree = "<group>"; };
/* End PBXFileReference section */

/* Begin PBXFrameworksBuildPhase section */
		EC59EF161A6E3654000FFEB4 /* Frameworks */ = {
			isa = PBXFrameworksBuildPhase;
			buildActionMask = 2147483647;
			files = (
			);
			runOnlyForDeploymentPostprocessing = 0;
		};
/* End PBXFrameworksBuildPhase section */

/* Begin PBXGroup section */
		EC59EF101A6E3654000FFEB4 = {
			isa = PBXGroup;
			children = (
				EC59EF1B1A6E3654000FFEB4 /* RemoveBTreeSolution */,
				EC59EF1A1A6E3654000FFEB4 /* Products */,
			);
			sourceTree = "<group>";
		};
		EC59EF1A1A6E3654000FFEB4 /* Products */ = {
			isa = PBXGroup;
			children = (
				EC59EF191A6E3654000FFEB4 /* RemoveBTreeSolution */,
			);
			name = Products;
			sourceTree = "<group>";
		};
		EC59EF1B1A6E3654000FFEB4 /* RemoveBTreeSolution */ = {
			isa = PBXGroup;
			children = (
				EC59EF231A6E3666000FFEB4 /* BinaryTree2.c */,
				EC59EF241A6E3666000FFEB4 /* BinaryTree2.h */,
				EC59EF251A6E3666000FFEB4 /* BinaryTreeDeleteMain.c */,
			);
			path = RemoveBTreeSolution;
			sourceTree = "<group>";
		};
/* End PBXGroup section */

/* Begin PBXNativeTarget section */
		EC59EF181A6E3654000FFEB4 /* RemoveBTreeSolution */ = {
			isa = PBXNativeTarget;
			buildConfigurationList = EC59EF201A6E3654000FFEB4 /* Build configuration list for PBXNativeTarget "RemoveBTreeSolution" */;
			buildPhases = (
				EC59EF151A6E3654000FFEB4 /* Sources */,
				EC59EF161A6E3654000FFEB4 /* Frameworks */,
				EC59EF171A6E3654000FFEB4 /* CopyFiles */,
			);
			buildRules = (
			);
			dependencies = (
			);
			name = RemoveBTreeSolution;
			productName = RemoveBTreeSolution;
			productReference = EC59EF191A6E3654000FFEB4 /* RemoveBTreeSolution */;
			productType = "com.apple.product-type.tool";
		};
/* End PBXNativeTarget section */

/* Begin PBXProject section */
		EC59EF111A6E3654000FFEB4 /* Project object */ = {
			isa = PBXProject;
			attributes = {
				LastUpgradeCheck = 0610;
				ORGANIZATIONNAME = Hoo;
				TargetAttributes = {
					EC59EF181A6E3654000FFEB4 = {
						CreatedOnToolsVersion = 6.1.1;
					};
				};
			};
			buildConfigurationList = EC59EF141A6E3654000FFEB4 /* Build configuration list for PBXProject "RemoveBTreeSolution" */;
			compatibilityVersion = "Xcode 3.2";
			developmentRegion = English;
			hasScannedForEncodings = 0;
			knownRegions = (
				en,
			);
			mainGroup = EC59EF101A6E3654000FFEB4;
			productRefGroup = EC59EF1A1A6E3654000FFEB4 /* Products */;
			projectDirPath = "";
			projectRoot = "";
			targets = (
				EC59EF181A6E3654000FFEB4 /* RemoveBTreeSolution */,
			);
		};
/* End PBXProject section */

/* Begin PBXSourcesBuildPhase section */
		EC59EF151A6E3654000FFEB4 /* Sources */ = {
			isa = PBXSourcesBuildPhase;
			buildActionMask = 2147483647;
			files = (
				EC59EF261A6E3666000FFEB4 /* BinaryTree2.c in Sources */,
				EC59EF271A6E3666000FFEB4 /* BinaryTreeDeleteMain.c in Sources */,
			);
			runOnlyForDeploymentPostprocessing = 0;
		};
/* End PBXSourcesBuildPhase section */

/* Begin XCBuildConfiguration section */
		EC59EF1E1A6E3654000FFEB4 /* Debug */ = {
			isa = XCBuildConfiguration;
			buildSettings = {
				ALWAYS_SEARCH_USER_PATHS = NO;
				CLANG_CXX_LANGUAGE_STANDARD = "gnu++0x";
				CLANG_CXX_LIBRARY = "libc++";
				CLANG_ENABLE_MODULES = YES;
				CLANG_ENABLE_OBJC_ARC = YES;
				CLANG_WARN_BOOL_CONVERSION = YES;
				CLANG_WARN_CONSTANT_CONVERSION = YES;
				CLANG_WARN_DIRECT_OBJC_ISA_USAGE = YES_ERROR;
				CLANG_WARN_EMPTY_BODY = YES;
				CLANG_WARN_ENUM_CONVERSION = YES;
				CLANG_WARN_INT_CONVERSION = YES;
				CLANG_WARN_OBJC_ROOT_CLASS = YES_ERROR;
				CLANG_WARN_UNREACHABLE_CODE = YES;
				CLANG_WARN__DUPLICATE_METHOD_MATCH = YES;
				COPY_PHASE_STRIP = NO;
				ENABLE_STRICT_OBJC_MSGSEND = YES;
				GCC_C_LANGUAGE_STANDARD = gnu99;
				GCC_DYNAMIC_NO_PIC = NO;
				GCC_OPTIMIZATION_LEVEL = 0;
				GCC_PREPROCESSOR_DEFINITIONS = (
					"DEBUG=1",
					"$(inherited)",
				);
				GCC_SYMBOLS_PRIVATE_EXTERN = NO;
				GCC_WARN_64_TO_32_BIT_CONVERSION = YES;
				GCC_WARN_ABOUT_RETURN_TYPE = YES_ERROR;
				GCC_WARN_UNDECLARED_SELECTOR = YES;
				GCC_WARN_UNINITIALIZED_AUTOS = YES_AGGRESSIVE;
				GCC_WARN_UNUSED_FUNCTION = YES;
				GCC_WARN_UNUSED_VARIABLE = YES;
				MACOSX_DEPLOYMENT_TARGET = 10.9;
				MTL_ENABLE_DEBUG_INFO = YES;
				ONLY_ACTIVE_ARCH = YES;
				SDKROOT = macosx;
			};
			name = Debug;
		};
		EC59EF1F1A6E3654000FFEB4 /* Release */ = {
			isa = XCBuildConfiguration;
			buildSettings = {
				ALWAYS_SEARCH_USER_PATHS = NO;
				CLANG_CXX_LANGUAGE_STANDARD = "gnu++0x";
				CLANG_CXX_LIBRARY = "libc++";
				CLANG_ENABLE_MODULES = YES;
				CLANG_ENABLE_OBJC_ARC = YES;
				CLANG_WARN_BOOL_CONVERSION = YES;
				CLANG_WARN_CONSTANT_CONVERSION = YES;
				CLANG_WARN_DIRECT_OBJC_ISA_USAGE = YES_ERROR;
				CLANG_WARN_EMPTY_BODY = YES;
				CLANG_WARN_ENUM_CONVERSION = YES;
				CLANG_WARN_INT_CONVERSION = YES;
				CLANG_WARN_OBJC_ROOT_CLASS = YES_ERROR;
				CLANG_WARN_UNREACHABLE_CODE = YES;
				CLANG_WARN__DUPLICATE_METHOD_MATCH = YES;
				COPY_PHASE_STRIP = YES;
				DEBUG_INFORMATION_FORMAT = "dwarf-with-dsym";
				ENABLE_NS_ASSERTIONS = NO;
				ENABLE_STRICT_OBJC_MSGSEND = YES;
				GCC_C_LANGUAGE_STANDARD = gnu99;
				GCC_WARN_64_TO_32_BIT_CONVERSION = YES;
				GCC_WARN_ABOUT_RETURN_TYPE = YES_ERROR;
				GCC_WARN_UNDECLARED_SELECTOR = YES;
				GCC_WARN_UNINITIALIZED_AUTOS = YES_AGGRESSIVE;
				GCC_WARN_UNUSED_FUNCTION = YES;
				GCC_WARN_UNUSED_VARIABLE = YES;
				MACOSX_DEPLOYMENT_TARGET = 10.9;
				MTL_ENABLE_DEBUG_INFO = NO;
				SDKROOT = macosx;
			};
			name = Release;
		};
		EC59EF211A6E3654000FFEB4 /* Debug */ = {
			isa = XCBuildConfiguration;
			buildSettings = {
				PRODUCT_NAME = "$(TARGET_NAME)";
			};
			name = Debug;
		};
		EC59EF221A6E3654000FFEB4 /* Release */ = {
			isa = XCBuildConfiguration;
			buildSettings = {
				PRODUCT_NAME = "$(TARGET_NAME)";
			};
			name = Release;
		};
/* End XCBuildConfiguration section */

/* Begin XCConfigurationList section */
		EC59EF141A6E3654000FFEB4 /* Build configuration list for PBXProject "RemoveBTreeSolution" */ = {
			isa = XCConfigurationList;
			buildConfigurations = (
				EC59EF1E1A6E3654000FFEB4 /* Debug */,
				EC59EF1F1A6E3654000FFEB4 /* Release */,
			);
			defaultConfigurationIsVisible = 0;
			defaultConfigurationName = Release;
		};
		EC59EF201A6E3654000FFEB4 /* Build configuration list for PBXNativeTarget "RemoveBTreeSolution" */ = {
			isa = XCConfigurationList;
			buildConfigurations = (
				EC59EF211A6E3654000FFEB4 /* Debug */,
				EC59EF221A6E3654000FFEB4 /* Release */,
			);
			defaultConfigurationIsVisible = 0;
		};
/* End XCConfigurationList section */
	};
	rootObject = EC59EF111A6E3654000FFEB4 /* Project object */;
}
