// !$*UTF8*$!
{
	archiveVersion = 1;
	classes = {
	};
	objectVersion = 46;
	objects = {

/* Begin PBXBuildFile section */
		EC59EEC51A6E27F1000FFEB4 /* main.c in Sources */ = {isa = PBXBuildFile; fileRef = EC59EEC41A6E27F1000FFEB4 /* main.c */; };
		EC59EECD1A6E2802000FFEB4 /* BTree.c in Sources */ = {isa = PBXBuildFile; fileRef = EC59EECB1A6E2802000FFEB4 /* BTree.c */; };
/* End PBXBuildFile section */

/* Begin PBXCopyFilesBuildPhase section */
		EC59EEBF1A6E27F1000FFEB4 /* CopyFiles */ = {
			isa = PBXCopyFilesBuildPhase;
			buildActionMask = 2147483647;
			dstPath = /usr/share/man/man1/;
			dstSubfolderSpec = 0;
			files = (
			);
			runOnlyForDeploymentPostprocessing = 1;
		};
/* End PBXCopyFilesBuildPhase section */

/* Begin PBXFileReference section */
		EC59EEC11A6E27F1000FFEB4 /* InOrderTraverse */ = {isa = PBXFileReference; explicitFileType = "compiled.mach-o.executable"; includeInIndex = 0; path = InOrderTraverse; sourceTree = BUILT_PRODUCTS_DIR; };
		EC59EEC41A6E27F1000FFEB4 /* main.c */ = {isa = PBXFileReference; lastKnownFileType = sourcecode.c.c; path = main.c; sourceTree = "<group>"; };
		EC59EECB1A6E2802000FFEB4 /* BTree.c */ = {isa = PBXFileReference; fileEncoding = 4; lastKnownFileType = sourcecode.c.c; name = BTree.c; path = ../BTree.c; sourceTree = "<group>"; };
		EC59EECC1A6E2802000FFEB4 /* BTree.h */ = {isa = PBXFileReference; fileEncoding = 4; lastKnownFileType = sourcecode.c.h; name = BTree.h; path = ../BTree.h; sourceTree = "<group>"; };
/* End PBXFileReference section */

/* Begin PBXFrameworksBuildPhase section */
		EC59EEBE1A6E27F1000FFEB4 /* Frameworks */ = {
			isa = PBXFrameworksBuildPhase;
			buildActionMask = 2147483647;
			files = (
			);
			runOnlyForDeploymentPostprocessing = 0;
		};
/* End PBXFrameworksBuildPhase section */

/* Begin PBXGroup section */
		EC59EEB81A6E27F1000FFEB4 = {
			isa = PBXGroup;
			children = (
				EC59EEC31A6E27F1000FFEB4 /* InOrderTraverse */,
				EC59EEC21A6E27F1000FFEB4 /* Products */,
			);
			sourceTree = "<group>";
		};
		EC59EEC21A6E27F1000FFEB4 /* Products */ = {
			isa = PBXGroup;
			children = (
				EC59EEC11A6E27F1000FFEB4 /* InOrderTraverse */,
			);
			name = Products;
			sourceTree = "<group>";
		};
		EC59EEC31A6E27F1000FFEB4 /* InOrderTraverse */ = {
			isa = PBXGroup;
			children = (
				EC59EEC41A6E27F1000FFEB4 /* main.c */,
				EC59EECB1A6E2802000FFEB4 /* BTree.c */,
				EC59EECC1A6E2802000FFEB4 /* BTree.h */,
			);
			path = InOrderTraverse;
			sourceTree = "<group>";
		};
/* End PBXGroup section */

/* Begin PBXNativeTarget section */
		EC59EEC01A6E27F1000FFEB4 /* InOrderTraverse */ = {
			isa = PBXNativeTarget;
			buildConfigurationList = EC59EEC81A6E27F1000FFEB4 /* Build configuration list for PBXNativeTarget "InOrderTraverse" */;
			buildPhases = (
				EC59EEBD1A6E27F1000FFEB4 /* Sources */,
				EC59EEBE1A6E27F1000FFEB4 /* Frameworks */,
				EC59EEBF1A6E27F1000FFEB4 /* CopyFiles */,
			);
			buildRules = (
			);
			dependencies = (
			);
			name = InOrderTraverse;
			productName = InOrderTraverse;
			productReference = EC59EEC11A6E27F1000FFEB4 /* InOrderTraverse */;
			productType = "com.apple.product-type.tool";
		};
/* End PBXNativeTarget section */

/* Begin PBXProject section */
		EC59EEB91A6E27F1000FFEB4 /* Project object */ = {
			isa = PBXProject;
			attributes = {
				LastUpgradeCheck = 0610;
				ORGANIZATIONNAME = Hoo;
				TargetAttributes = {
					EC59EEC01A6E27F1000FFEB4 = {
						CreatedOnToolsVersion = 6.1.1;
					};
				};
			};
			buildConfigurationList = EC59EEBC1A6E27F1000FFEB4 /* Build configuration list for PBXProject "InOrderTraverse" */;
			compatibilityVersion = "Xcode 3.2";
			developmentRegion = English;
			hasScannedForEncodings = 0;
			knownRegions = (
				en,
			);
			mainGroup = EC59EEB81A6E27F1000FFEB4;
			productRefGroup = EC59EEC21A6E27F1000FFEB4 /* Products */;
			projectDirPath = "";
			projectRoot = "";
			targets = (
				EC59EEC01A6E27F1000FFEB4 /* InOrderTraverse */,
			);
		};
/* End PBXProject section */

/* Begin PBXSourcesBuildPhase section */
		EC59EEBD1A6E27F1000FFEB4 /* Sources */ = {
			isa = PBXSourcesBuildPhase;
			buildActionMask = 2147483647;
			files = (
				EC59EECD1A6E2802000FFEB4 /* BTree.c in Sources */,
				EC59EEC51A6E27F1000FFEB4 /* main.c in Sources */,
			);
			runOnlyForDeploymentPostprocessing = 0;
		};
/* End PBXSourcesBuildPhase section */

/* Begin XCBuildConfiguration section */
		EC59EEC61A6E27F1000FFEB4 /* Debug */ = {
			isa = XCBuildConfiguration;
			buildSettings = {
				ALWAYS_SEARCH_USER_PATHS = NO;
				CLANG_CXX_LANGUAGE_STANDARD = "gnu++0x";
				CLANG_CXX_LIBRARY = "libc++";
				CLANG_ENABLE_MODULES = YES;
				CLANG_ENABLE_OBJC_ARC = YES;
				CLANG_WARN_BOOL_CONVERSION = YES;
				CLANG_WARN_CONSTANT_CONVERSION = YES;
				CLANG_WARN_DIRECT_OBJC_ISA_USAGE = YES_ERROR;
				CLANG_WARN_EMPTY_BODY = YES;
				CLANG_WARN_ENUM_CONVERSION = YES;
				CLANG_WARN_INT_CONVERSION = YES;
				CLANG_WARN_OBJC_ROOT_CLASS = YES_ERROR;
				CLANG_WARN_UNREACHABLE_CODE = YES;
				CLANG_WARN__DUPLICATE_METHOD_MATCH = YES;
				COPY_PHASE_STRIP = NO;
				ENABLE_STRICT_OBJC_MSGSEND = YES;
				GCC_C_LANGUAGE_STANDARD = gnu99;
				GCC_DYNAMIC_NO_PIC = NO;
				GCC_OPTIMIZATION_LEVEL = 0;
				GCC_PREPROCESSOR_DEFINITIONS = (
					"DEBUG=1",
					"$(inherited)",
				);
				GCC_SYMBOLS_PRIVATE_EXTERN = NO;
				GCC_WARN_64_TO_32_BIT_CONVERSION = YES;
				GCC_WARN_ABOUT_RETURN_TYPE = YES_ERROR;
				GCC_WARN_UNDECLARED_SELECTOR = YES;
				GCC_WARN_UNINITIALIZED_AUTOS = YES_AGGRESSIVE;
				GCC_WARN_UNUSED_FUNCTION = YES;
				GCC_WARN_UNUSED_VARIABLE = YES;
				MACOSX_DEPLOYMENT_TARGET = 10.9;
				MTL_ENABLE_DEBUG_INFO = YES;
				ONLY_ACTIVE_ARCH = YES;
				SDKROOT = macosx;
			};
			name = Debug;
		};
		EC59EEC71A6E27F1000FFEB4 /* Release */ = {
			isa = XCBuildConfiguration;
			buildSettings = {
				ALWAYS_SEARCH_USER_PATHS = NO;
				CLANG_CXX_LANGUAGE_STANDARD = "gnu++0x";
				CLANG_CXX_LIBRARY = "libc++";
				CLANG_ENABLE_MODULES = YES;
				CLANG_ENABLE_OBJC_ARC = YES;
				CLANG_WARN_BOOL_CONVERSION = YES;
				CLANG_WARN_CONSTANT_CONVERSION = YES;
				CLANG_WARN_DIRECT_OBJC_ISA_USAGE = YES_ERROR;
				CLANG_WARN_EMPTY_BODY = YES;
				CLANG_WARN_ENUM_CONVERSION = YES;
				CLANG_WARN_INT_CONVERSION = YES;
				CLANG_WARN_OBJC_ROOT_CLASS = YES_ERROR;
				CLANG_WARN_UNREACHABLE_CODE = YES;
				CLANG_WARN__DUPLICATE_METHOD_MATCH = YES;
				COPY_PHASE_STRIP = YES;
				DEBUG_INFORMATION_FORMAT = "dwarf-with-dsym";
				ENABLE_NS_ASSERTIONS = NO;
				ENABLE_STRICT_OBJC_MSGSEND = YES;
				GCC_C_LANGUAGE_STANDARD = gnu99;
				GCC_WARN_64_TO_32_BIT_CONVERSION = YES;
				GCC_WARN_ABOUT_RETURN_TYPE = YES_ERROR;
				GCC_WARN_UNDECLARED_SELECTOR = YES;
				GCC_WARN_UNINITIALIZED_AUTOS = YES_AGGRESSIVE;
				GCC_WARN_UNUSED_FUNCTION = YES;
				GCC_WARN_UNUSED_VARIABLE = YES;
				MACOSX_DEPLOYMENT_TARGET = 10.9;
				MTL_ENABLE_DEBUG_INFO = NO;
				SDKROOT = macosx;
			};
			name = Release;
		};
		EC59EEC91A6E27F1000FFEB4 /* Debug */ = {
			isa = XCBuildConfiguration;
			buildSettings = {
				PRODUCT_NAME = "$(TARGET_NAME)";
			};
			name = Debug;
		};
		EC59EECA1A6E27F1000FFEB4 /* Release */ = {
			isa = XCBuildConfiguration;
			buildSettings = {
				PRODUCT_NAME = "$(TARGET_NAME)";
			};
			name = Release;
		};
/* End XCBuildConfiguration section */

/* Begin XCConfigurationList section */
		EC59EEBC1A6E27F1000FFEB4 /* Build configuration list for PBXProject "InOrderTraverse" */ = {
			isa = XCConfigurationList;
			buildConfigurations = (
				EC59EEC61A6E27F1000FFEB4 /* Debug */,
				EC59EEC71A6E27F1000FFEB4 /* Release */,
			);
			defaultConfigurationIsVisible = 0;
			defaultConfigurationName = Release;
		};
		EC59EEC81A6E27F1000FFEB4 /* Build configuration list for PBXNativeTarget "InOrderTraverse" */ = {
			isa = XCConfigurationList;
			buildConfigurations = (
				EC59EEC91A6E27F1000FFEB4 /* Debug */,
				EC59EECA1A6E27F1000FFEB4 /* Release */,
			);
			defaultConfigurationIsVisible = 0;
		};
/* End XCConfigurationList section */
	};
	rootObject = EC59EEB91A6E27F1000FFEB4 /* Project object */;
}
