// !$*UTF8*$!
{
	archiveVersion = 1;
	classes = {
	};
	objectVersion = 46;
	objects = {

/* Begin PBXBuildFile section */
		ECC19DC41A4E51CA0046D81F /* main.c in Sources */ = {isa = PBXBuildFile; fileRef = ECC19DC31A4E51CA0046D81F /* main.c */; };
		ECC19DCC1A4E51E20046D81F /* ArrayList.c in Sources */ = {isa = PBXBuildFile; fileRef = ECC19DCA1A4E51E20046D81F /* ArrayList.c */; };
/* End PBXBuildFile section */

/* Begin PBXCopyFilesBuildPhase section */
		ECC19DBE1A4E51CA0046D81F /* CopyFiles */ = {
			isa = PBXCopyFilesBuildPhase;
			buildActionMask = 2147483647;
			dstPath = /usr/share/man/man1/;
			dstSubfolderSpec = 0;
			files = (
			);
			runOnlyForDeploymentPostprocessing = 1;
		};
/* End PBXCopyFilesBuildPhase section */

/* Begin PBXFileReference section */
		ECC19DC01A4E51CA0046D81F /* ListMain */ = {isa = PBXFileReference; explicitFileType = "compiled.mach-o.executable"; includeInIndex = 0; path = ListMain; sourceTree = BUILT_PRODUCTS_DIR; };
		ECC19DC31A4E51CA0046D81F /* main.c */ = {isa = PBXFileReference; lastKnownFileType = sourcecode.c.c; path = main.c; sourceTree = "<group>"; };
		ECC19DCA1A4E51E20046D81F /* ArrayList.c */ = {isa = PBXFileReference; fileEncoding = 4; lastKnownFileType = sourcecode.c.c; path = ArrayList.c; sourceTree = "<group>"; };
		ECC19DCB1A4E51E20046D81F /* ArrayList.h */ = {isa = PBXFileReference; fileEncoding = 4; lastKnownFileType = sourcecode.c.h; path = ArrayList.h; sourceTree = "<group>"; };
/* End PBXFileReference section */

/* Begin PBXFrameworksBuildPhase section */
		ECC19DBD1A4E51CA0046D81F /* Frameworks */ = {
			isa = PBXFrameworksBuildPhase;
			buildActionMask = 2147483647;
			files = (
			);
			runOnlyForDeploymentPostprocessing = 0;
		};
/* End PBXFrameworksBuildPhase section */

/* Begin PBXGroup section */
		ECC19DB71A4E51CA0046D81F = {
			isa = PBXGroup;
			children = (
				ECC19DC21A4E51CA0046D81F /* ListMain */,
				ECC19DC11A4E51CA0046D81F /* Products */,
			);
			sourceTree = "<group>";
		};
		ECC19DC11A4E51CA0046D81F /* Products */ = {
			isa = PBXGroup;
			children = (
				ECC19DC01A4E51CA0046D81F /* ListMain */,
			);
			name = Products;
			sourceTree = "<group>";
		};
		ECC19DC21A4E51CA0046D81F /* ListMain */ = {
			isa = PBXGroup;
			children = (
				ECC19DC31A4E51CA0046D81F /* main.c */,
				ECC19DCA1A4E51E20046D81F /* ArrayList.c */,
				ECC19DCB1A4E51E20046D81F /* ArrayList.h */,
			);
			path = ListMain;
			sourceTree = "<group>";
		};
/* End PBXGroup section */

/* Begin PBXNativeTarget section */
		ECC19DBF1A4E51CA0046D81F /* ListMain */ = {
			isa = PBXNativeTarget;
			buildConfigurationList = ECC19DC71A4E51CA0046D81F /* Build configuration list for PBXNativeTarget "ListMain" */;
			buildPhases = (
				ECC19DBC1A4E51CA0046D81F /* Sources */,
				ECC19DBD1A4E51CA0046D81F /* Frameworks */,
				ECC19DBE1A4E51CA0046D81F /* CopyFiles */,
			);
			buildRules = (
			);
			dependencies = (
			);
			name = ListMain;
			productName = ListMain;
			productReference = ECC19DC01A4E51CA0046D81F /* ListMain */;
			productType = "com.apple.product-type.tool";
		};
/* End PBXNativeTarget section */

/* Begin PBXProject section */
		ECC19DB81A4E51CA0046D81F /* Project object */ = {
			isa = PBXProject;
			attributes = {
				LastUpgradeCheck = 0610;
				ORGANIZATIONNAME = Hoo;
				TargetAttributes = {
					ECC19DBF1A4E51CA0046D81F = {
						CreatedOnToolsVersion = 6.1.1;
					};
				};
			};
			buildConfigurationList = ECC19DBB1A4E51CA0046D81F /* Build configuration list for PBXProject "ListMain" */;
			compatibilityVersion = "Xcode 3.2";
			developmentRegion = English;
			hasScannedForEncodings = 0;
			knownRegions = (
				en,
			);
			mainGroup = ECC19DB71A4E51CA0046D81F;
			productRefGroup = ECC19DC11A4E51CA0046D81F /* Products */;
			projectDirPath = "";
			projectRoot = "";
			targets = (
				ECC19DBF1A4E51CA0046D81F /* ListMain */,
			);
		};
/* End PBXProject section */

/* Begin PBXSourcesBuildPhase section */
		ECC19DBC1A4E51CA0046D81F /* Sources */ = {
			isa = PBXSourcesBuildPhase;
			buildActionMask = 2147483647;
			files = (
				ECC19DC41A4E51CA0046D81F /* main.c in Sources */,
				ECC19DCC1A4E51E20046D81F /* ArrayList.c in Sources */,
			);
			runOnlyForDeploymentPostprocessing = 0;
		};
/* End PBXSourcesBuildPhase section */

/* Begin XCBuildConfiguration section */
		ECC19DC51A4E51CA0046D81F /* Debug */ = {
			isa = XCBuildConfiguration;
			buildSettings = {
				ALWAYS_SEARCH_USER_PATHS = NO;
				CLANG_CXX_LANGUAGE_STANDARD = "gnu++0x";
				CLANG_CXX_LIBRARY = "libc++";
				CLANG_ENABLE_MODULES = YES;
				CLANG_ENABLE_OBJC_ARC = YES;
				CLANG_WARN_BOOL_CONVERSION = YES;
				CLANG_WARN_CONSTANT_CONVERSION = YES;
				CLANG_WARN_DIRECT_OBJC_ISA_USAGE = YES_ERROR;
				CLANG_WARN_EMPTY_BODY = YES;
				CLANG_WARN_ENUM_CONVERSION = YES;
				CLANG_WARN_INT_CONVERSION = YES;
				CLANG_WARN_OBJC_ROOT_CLASS = YES_ERROR;
				CLANG_WARN_UNREACHABLE_CODE = YES;
				CLANG_WARN__DUPLICATE_METHOD_MATCH = YES;
				COPY_PHASE_STRIP = NO;
				ENABLE_STRICT_OBJC_MSGSEND = YES;
				GCC_C_LANGUAGE_STANDARD = gnu99;
				GCC_DYNAMIC_NO_PIC = NO;
				GCC_OPTIMIZATION_LEVEL = 0;
				GCC_PREPROCESSOR_DEFINITIONS = (
					"DEBUG=1",
					"$(inherited)",
				);
				GCC_SYMBOLS_PRIVATE_EXTERN = NO;
				GCC_WARN_64_TO_32_BIT_CONVERSION = YES;
				GCC_WARN_ABOUT_RETURN_TYPE = YES_ERROR;
				GCC_WARN_UNDECLARED_SELECTOR = YES;
				GCC_WARN_UNINITIALIZED_AUTOS = YES_AGGRESSIVE;
				GCC_WARN_UNUSED_FUNCTION = YES;
				GCC_WARN_UNUSED_VARIABLE = YES;
				MACOSX_DEPLOYMENT_TARGET = 10.9;
				MTL_ENABLE_DEBUG_INFO = YES;
				ONLY_ACTIVE_ARCH = YES;
				SDKROOT = macosx;
			};
			name = Debug;
		};
		ECC19DC61A4E51CA0046D81F /* Release */ = {
			isa = XCBuildConfiguration;
			buildSettings = {
				ALWAYS_SEARCH_USER_PATHS = NO;
				CLANG_CXX_LANGUAGE_STANDARD = "gnu++0x";
				CLANG_CXX_LIBRARY = "libc++";
				CLANG_ENABLE_MODULES = YES;
				CLANG_ENABLE_OBJC_ARC = YES;
				CLANG_WARN_BOOL_CONVERSION = YES;
				CLANG_WARN_CONSTANT_CONVERSION = YES;
				CLANG_WARN_DIRECT_OBJC_ISA_USAGE = YES_ERROR;
				CLANG_WARN_EMPTY_BODY = YES;
				CLANG_WARN_ENUM_CONVERSION = YES;
				CLANG_WARN_INT_CONVERSION = YES;
				CLANG_WARN_OBJC_ROOT_CLASS = YES_ERROR;
				CLANG_WARN_UNREACHABLE_CODE = YES;
				CLANG_WARN__DUPLICATE_METHOD_MATCH = YES;
				COPY_PHASE_STRIP = YES;
				DEBUG_INFORMATION_FORMAT = "dwarf-with-dsym";
				ENABLE_NS_ASSERTIONS = NO;
				ENABLE_STRICT_OBJC_MSGSEND = YES;
				GCC_C_LANGUAGE_STANDARD = gnu99;
				GCC_WARN_64_TO_32_BIT_CONVERSION = YES;
				GCC_WARN_ABOUT_RETURN_TYPE = YES_ERROR;
				GCC_WARN_UNDECLARED_SELECTOR = YES;
				GCC_WARN_UNINITIALIZED_AUTOS = YES_AGGRESSIVE;
				GCC_WARN_UNUSED_FUNCTION = YES;
				GCC_WARN_UNUSED_VARIABLE = YES;
				MACOSX_DEPLOYMENT_TARGET = 10.9;
				MTL_ENABLE_DEBUG_INFO = NO;
				SDKROOT = macosx;
			};
			name = Release;
		};
		ECC19DC81A4E51CA0046D81F /* Debug */ = {
			isa = XCBuildConfiguration;
			buildSettings = {
				PRODUCT_NAME = "$(TARGET_NAME)";
			};
			name = Debug;
		};
		ECC19DC91A4E51CA0046D81F /* Release */ = {
			isa = XCBuildConfiguration;
			buildSettings = {
				PRODUCT_NAME = "$(TARGET_NAME)";
			};
			name = Release;
		};
/* End XCBuildConfiguration section */

/* Begin XCConfigurationList section */
		ECC19DBB1A4E51CA0046D81F /* Build configuration list for PBXProject "ListMain" */ = {
			isa = XCConfigurationList;
			buildConfigurations = (
				ECC19DC51A4E51CA0046D81F /* Debug */,
				ECC19DC61A4E51CA0046D81F /* Release */,
			);
			defaultConfigurationIsVisible = 0;
			defaultConfigurationName = Release;
		};
		ECC19DC71A4E51CA0046D81F /* Build configuration list for PBXNativeTarget "ListMain" */ = {
			isa = XCConfigurationList;
			buildConfigurations = (
				ECC19DC81A4E51CA0046D81F /* Debug */,
				ECC19DC91A4E51CA0046D81F /* Release */,
			);
			defaultConfigurationIsVisible = 0;
		};
/* End XCConfigurationList section */
	};
	rootObject = ECC19DB81A4E51CA0046D81F /* Project object */;
}
