// !$*UTF8*$!
{
	archiveVersion = 1;
	classes = {
	};
	objectVersion = 46;
	objects = {

/* Begin PBXBuildFile section */
		ECBC8CD61A80B3CB00D4EDEA /* main.c in Sources */ = {isa = PBXBuildFile; fileRef = ECBC8CD51A80B3CB00D4EDEA /* main.c */; };
/* End PBXBuildFile section */

/* Begin PBXCopyFilesBuildPhase section */
		ECBC8CD01A80B3CB00D4EDEA /* CopyFiles */ = {
			isa = PBXCopyFilesBuildPhase;
			buildActionMask = 2147483647;
			dstPath = /usr/share/man/man1/;
			dstSubfolderSpec = 0;
			files = (
			);
			runOnlyForDeploymentPostprocessing = 1;
		};
/* End PBXCopyFilesBuildPhase section */

/* Begin PBXFileReference section */
		ECBC8CD21A80B3CB00D4EDEA /* HashFunc_Chaining */ = {isa = PBXFileReference; explicitFileType = "compiled.mach-o.executable"; includeInIndex = 0; path = HashFunc_Chaining; sourceTree = BUILT_PRODUCTS_DIR; };
		ECBC8CD51A80B3CB00D4EDEA /* main.c */ = {isa = PBXFileReference; lastKnownFileType = sourcecode.c.c; path = main.c; sourceTree = "<group>"; };
/* End PBXFileReference section */

/* Begin PBXFrameworksBuildPhase section */
		ECBC8CCF1A80B3CB00D4EDEA /* Frameworks */ = {
			isa = PBXFrameworksBuildPhase;
			buildActionMask = 2147483647;
			files = (
			);
			runOnlyForDeploymentPostprocessing = 0;
		};
/* End PBXFrameworksBuildPhase section */

/* Begin PBXGroup section */
		ECBC8CC91A80B3CB00D4EDEA = {
			isa = PBXGroup;
			children = (
				ECBC8CD41A80B3CB00D4EDEA /* HashFunc_Chaining */,
				ECBC8CD31A80B3CB00D4EDEA /* Products */,
			);
			sourceTree = "<group>";
		};
		ECBC8CD31A80B3CB00D4EDEA /* Products */ = {
			isa = PBXGroup;
			children = (
				ECBC8CD21A80B3CB00D4EDEA /* HashFunc_Chaining */,
			);
			name = Products;
			sourceTree = "<group>";
		};
		ECBC8CD41A80B3CB00D4EDEA /* HashFunc_Chaining */ = {
			isa = PBXGroup;
			children = (
				ECBC8CD51A80B3CB00D4EDEA /* main.c */,
			);
			path = HashFunc_Chaining;
			sourceTree = "<group>";
		};
/* End PBXGroup section */

/* Begin PBXNativeTarget section */
		ECBC8CD11A80B3CB00D4EDEA /* HashFunc_Chaining */ = {
			isa = PBXNativeTarget;
			buildConfigurationList = ECBC8CD91A80B3CB00D4EDEA /* Build configuration list for PBXNativeTarget "HashFunc_Chaining" */;
			buildPhases = (
				ECBC8CCE1A80B3CB00D4EDEA /* Sources */,
				ECBC8CCF1A80B3CB00D4EDEA /* Frameworks */,
				ECBC8CD01A80B3CB00D4EDEA /* CopyFiles */,
			);
			buildRules = (
			);
			dependencies = (
			);
			name = HashFunc_Chaining;
			productName = HashFunc_Chaining;
			productReference = ECBC8CD21A80B3CB00D4EDEA /* HashFunc_Chaining */;
			productType = "com.apple.product-type.tool";
		};
/* End PBXNativeTarget section */

/* Begin PBXProject section */
		ECBC8CCA1A80B3CB00D4EDEA /* Project object */ = {
			isa = PBXProject;
			attributes = {
				LastUpgradeCheck = 0610;
				ORGANIZATIONNAME = Hoo;
				TargetAttributes = {
					ECBC8CD11A80B3CB00D4EDEA = {
						CreatedOnToolsVersion = 6.1.1;
					};
				};
			};
			buildConfigurationList = ECBC8CCD1A80B3CB00D4EDEA /* Build configuration list for PBXProject "HashFunc_Chaining" */;
			compatibilityVersion = "Xcode 3.2";
			developmentRegion = English;
			hasScannedForEncodings = 0;
			knownRegions = (
				en,
			);
			mainGroup = ECBC8CC91A80B3CB00D4EDEA;
			productRefGroup = ECBC8CD31A80B3CB00D4EDEA /* Products */;
			projectDirPath = "";
			projectRoot = "";
			targets = (
				ECBC8CD11A80B3CB00D4EDEA /* HashFunc_Chaining */,
			);
		};
/* End PBXProject section */

/* Begin PBXSourcesBuildPhase section */
		ECBC8CCE1A80B3CB00D4EDEA /* Sources */ = {
			isa = PBXSourcesBuildPhase;
			buildActionMask = 2147483647;
			files = (
				ECBC8CD61A80B3CB00D4EDEA /* main.c in Sources */,
			);
			runOnlyForDeploymentPostprocessing = 0;
		};
/* End PBXSourcesBuildPhase section */

/* Begin XCBuildConfiguration section */
		ECBC8CD71A80B3CB00D4EDEA /* Debug */ = {
			isa = XCBuildConfiguration;
			buildSettings = {
				ALWAYS_SEARCH_USER_PATHS = NO;
				CLANG_CXX_LANGUAGE_STANDARD = "gnu++0x";
				CLANG_CXX_LIBRARY = "libc++";
				CLANG_ENABLE_MODULES = YES;
				CLANG_ENABLE_OBJC_ARC = YES;
				CLANG_WARN_BOOL_CONVERSION = YES;
				CLANG_WARN_CONSTANT_CONVERSION = YES;
				CLANG_WARN_DIRECT_OBJC_ISA_USAGE = YES_ERROR;
				CLANG_WARN_EMPTY_BODY = YES;
				CLANG_WARN_ENUM_CONVERSION = YES;
				CLANG_WARN_INT_CONVERSION = YES;
				CLANG_WARN_OBJC_ROOT_CLASS = YES_ERROR;
				CLANG_WARN_UNREACHABLE_CODE = YES;
				CLANG_WARN__DUPLICATE_METHOD_MATCH = YES;
				COPY_PHASE_STRIP = NO;
				ENABLE_STRICT_OBJC_MSGSEND = YES;
				GCC_C_LANGUAGE_STANDARD = gnu99;
				GCC_DYNAMIC_NO_PIC = NO;
				GCC_OPTIMIZATION_LEVEL = 0;
				GCC_PREPROCESSOR_DEFINITIONS = (
					"DEBUG=1",
					"$(inherited)",
				);
				GCC_SYMBOLS_PRIVATE_EXTERN = NO;
				GCC_WARN_64_TO_32_BIT_CONVERSION = YES;
				GCC_WARN_ABOUT_RETURN_TYPE = YES_ERROR;
				GCC_WARN_UNDECLARED_SELECTOR = YES;
				GCC_WARN_UNINITIALIZED_AUTOS = YES_AGGRESSIVE;
				GCC_WARN_UNUSED_FUNCTION = YES;
				GCC_WARN_UNUSED_VARIABLE = YES;
				MACOSX_DEPLOYMENT_TARGET = 10.9;
				MTL_ENABLE_DEBUG_INFO = YES;
				ONLY_ACTIVE_ARCH = YES;
				SDKROOT = macosx;
			};
			name = Debug;
		};
		ECBC8CD81A80B3CB00D4EDEA /* Release */ = {
			isa = XCBuildConfiguration;
			buildSettings = {
				ALWAYS_SEARCH_USER_PATHS = NO;
				CLANG_CXX_LANGUAGE_STANDARD = "gnu++0x";
				CLANG_CXX_LIBRARY = "libc++";
				CLANG_ENABLE_MODULES = YES;
				CLANG_ENABLE_OBJC_ARC = YES;
				CLANG_WARN_BOOL_CONVERSION = YES;
				CLANG_WARN_CONSTANT_CONVERSION = YES;
				CLANG_WARN_DIRECT_OBJC_ISA_USAGE = YES_ERROR;
				CLANG_WARN_EMPTY_BODY = YES;
				CLANG_WARN_ENUM_CONVERSION = YES;
				CLANG_WARN_INT_CONVERSION = YES;
				CLANG_WARN_OBJC_ROOT_CLASS = YES_ERROR;
				CLANG_WARN_UNREACHABLE_CODE = YES;
				CLANG_WARN__DUPLICATE_METHOD_MATCH = YES;
				COPY_PHASE_STRIP = YES;
				DEBUG_INFORMATION_FORMAT = "dwarf-with-dsym";
				ENABLE_NS_ASSERTIONS = NO;
				ENABLE_STRICT_OBJC_MSGSEND = YES;
				GCC_C_LANGUAGE_STANDARD = gnu99;
				GCC_WARN_64_TO_32_BIT_CONVERSION = YES;
				GCC_WARN_ABOUT_RETURN_TYPE = YES_ERROR;
				GCC_WARN_UNDECLARED_SELECTOR = YES;
				GCC_WARN_UNINITIALIZED_AUTOS = YES_AGGRESSIVE;
				GCC_WARN_UNUSED_FUNCTION = YES;
				GCC_WARN_UNUSED_VARIABLE = YES;
				MACOSX_DEPLOYMENT_TARGET = 10.9;
				MTL_ENABLE_DEBUG_INFO = NO;
				SDKROOT = macosx;
			};
			name = Release;
		};
		ECBC8CDA1A80B3CB00D4EDEA /* Debug */ = {
			isa = XCBuildConfiguration;
			buildSettings = {
				PRODUCT_NAME = "$(TARGET_NAME)";
			};
			name = Debug;
		};
		ECBC8CDB1A80B3CB00D4EDEA /* Release */ = {
			isa = XCBuildConfiguration;
			buildSettings = {
				PRODUCT_NAME = "$(TARGET_NAME)";
			};
			name = Release;
		};
/* End XCBuildConfiguration section */

/* Begin XCConfigurationList section */
		ECBC8CCD1A80B3CB00D4EDEA /* Build configuration list for PBXProject "HashFunc_Chaining" */ = {
			isa = XCConfigurationList;
			buildConfigurations = (
				ECBC8CD71A80B3CB00D4EDEA /* Debug */,
				ECBC8CD81A80B3CB00D4EDEA /* Release */,
			);
			defaultConfigurationIsVisible = 0;
			defaultConfigurationName = Release;
		};
		ECBC8CD91A80B3CB00D4EDEA /* Build configuration list for PBXNativeTarget "HashFunc_Chaining" */ = {
			isa = XCConfigurationList;
			buildConfigurations = (
				ECBC8CDA1A80B3CB00D4EDEA /* Debug */,
				ECBC8CDB1A80B3CB00D4EDEA /* Release */,
			);
			defaultConfigurationIsVisible = 0;
		};
/* End XCConfigurationList section */
	};
	rootObject = ECBC8CCA1A80B3CB00D4EDEA /* Project object */;
}
