// !$*UTF8*$!
{
	archiveVersion = 1;
	classes = {
	};
	objectVersion = 46;
	objects = {

/* Begin PBXBuildFile section */
		ECD57BD01A542C9B002BB416 /* main.c in Sources */ = {isa = PBXBuildFile; fileRef = ECD57BCF1A542C9B002BB416 /* main.c */; };
		ECD57BD81A542CCA002BB416 /* DBLinkedList.c in Sources */ = {isa = PBXBuildFile; fileRef = ECD57BD61A542CCA002BB416 /* DBLinkedList.c */; };
/* End PBXBuildFile section */

/* Begin PBXCopyFilesBuildPhase section */
		ECD57BCA1A542C9A002BB416 /* CopyFiles */ = {
			isa = PBXCopyFilesBuildPhase;
			buildActionMask = 2147483647;
			dstPath = /usr/share/man/man1/;
			dstSubfolderSpec = 0;
			files = (
			);
			runOnlyForDeploymentPostprocessing = 1;
		};
/* End PBXCopyFilesBuildPhase section */

/* Begin PBXFileReference section */
		ECD57BCC1A542C9B002BB416 /* DBLinkedList */ = {isa = PBXFileReference; explicitFileType = "compiled.mach-o.executable"; includeInIndex = 0; path = DBLinkedList; sourceTree = BUILT_PRODUCTS_DIR; };
		ECD57BCF1A542C9B002BB416 /* main.c */ = {isa = PBXFileReference; lastKnownFileType = sourcecode.c.c; path = main.c; sourceTree = "<group>"; };
		ECD57BD61A542CCA002BB416 /* DBLinkedList.c */ = {isa = PBXFileReference; fileEncoding = 4; lastKnownFileType = sourcecode.c.c; path = DBLinkedList.c; sourceTree = "<group>"; };
		ECD57BD71A542CCA002BB416 /* DBLinkedList.h */ = {isa = PBXFileReference; fileEncoding = 4; lastKnownFileType = sourcecode.c.h; path = DBLinkedList.h; sourceTree = "<group>"; };
/* End PBXFileReference section */

/* Begin PBXFrameworksBuildPhase section */
		ECD57BC91A542C9A002BB416 /* Frameworks */ = {
			isa = PBXFrameworksBuildPhase;
			buildActionMask = 2147483647;
			files = (
			);
			runOnlyForDeploymentPostprocessing = 0;
		};
/* End PBXFrameworksBuildPhase section */

/* Begin PBXGroup section */
		ECD57BC31A542C9A002BB416 = {
			isa = PBXGroup;
			children = (
				ECD57BCE1A542C9B002BB416 /* DBLinkedList */,
				ECD57BCD1A542C9B002BB416 /* Products */,
			);
			sourceTree = "<group>";
		};
		ECD57BCD1A542C9B002BB416 /* Products */ = {
			isa = PBXGroup;
			children = (
				ECD57BCC1A542C9B002BB416 /* DBLinkedList */,
			);
			name = Products;
			sourceTree = "<group>";
		};
		ECD57BCE1A542C9B002BB416 /* DBLinkedList */ = {
			isa = PBXGroup;
			children = (
				ECD57BCF1A542C9B002BB416 /* main.c */,
				ECD57BD61A542CCA002BB416 /* DBLinkedList.c */,
				ECD57BD71A542CCA002BB416 /* DBLinkedList.h */,
			);
			path = DBLinkedList;
			sourceTree = "<group>";
		};
/* End PBXGroup section */

/* Begin PBXNativeTarget section */
		ECD57BCB1A542C9A002BB416 /* DBLinkedList */ = {
			isa = PBXNativeTarget;
			buildConfigurationList = ECD57BD31A542C9B002BB416 /* Build configuration list for PBXNativeTarget "DBLinkedList" */;
			buildPhases = (
				ECD57BC81A542C9A002BB416 /* Sources */,
				ECD57BC91A542C9A002BB416 /* Frameworks */,
				ECD57BCA1A542C9A002BB416 /* CopyFiles */,
			);
			buildRules = (
			);
			dependencies = (
			);
			name = DBLinkedList;
			productName = DBLinkedList;
			productReference = ECD57BCC1A542C9B002BB416 /* DBLinkedList */;
			productType = "com.apple.product-type.tool";
		};
/* End PBXNativeTarget section */

/* Begin PBXProject section */
		ECD57BC41A542C9A002BB416 /* Project object */ = {
			isa = PBXProject;
			attributes = {
				LastUpgradeCheck = 0610;
				ORGANIZATIONNAME = Hoo;
				TargetAttributes = {
					ECD57BCB1A542C9A002BB416 = {
						CreatedOnToolsVersion = 6.1.1;
					};
				};
			};
			buildConfigurationList = ECD57BC71A542C9A002BB416 /* Build configuration list for PBXProject "DBLinkedList" */;
			compatibilityVersion = "Xcode 3.2";
			developmentRegion = English;
			hasScannedForEncodings = 0;
			knownRegions = (
				en,
			);
			mainGroup = ECD57BC31A542C9A002BB416;
			productRefGroup = ECD57BCD1A542C9B002BB416 /* Products */;
			projectDirPath = "";
			projectRoot = "";
			targets = (
				ECD57BCB1A542C9A002BB416 /* DBLinkedList */,
			);
		};
/* End PBXProject section */

/* Begin PBXSourcesBuildPhase section */
		ECD57BC81A542C9A002BB416 /* Sources */ = {
			isa = PBXSourcesBuildPhase;
			buildActionMask = 2147483647;
			files = (
				ECD57BD81A542CCA002BB416 /* DBLinkedList.c in Sources */,
				ECD57BD01A542C9B002BB416 /* main.c in Sources */,
			);
			runOnlyForDeploymentPostprocessing = 0;
		};
/* End PBXSourcesBuildPhase section */

/* Begin XCBuildConfiguration section */
		ECD57BD11A542C9B002BB416 /* Debug */ = {
			isa = XCBuildConfiguration;
			buildSettings = {
				ALWAYS_SEARCH_USER_PATHS = NO;
				CLANG_CXX_LANGUAGE_STANDARD = "gnu++0x";
				CLANG_CXX_LIBRARY = "libc++";
				CLANG_ENABLE_MODULES = YES;
				CLANG_ENABLE_OBJC_ARC = YES;
				CLANG_WARN_BOOL_CONVERSION = YES;
				CLANG_WARN_CONSTANT_CONVERSION = YES;
				CLANG_WARN_DIRECT_OBJC_ISA_USAGE = YES_ERROR;
				CLANG_WARN_EMPTY_BODY = YES;
				CLANG_WARN_ENUM_CONVERSION = YES;
				CLANG_WARN_INT_CONVERSION = YES;
				CLANG_WARN_OBJC_ROOT_CLASS = YES_ERROR;
				CLANG_WARN_UNREACHABLE_CODE = YES;
				CLANG_WARN__DUPLICATE_METHOD_MATCH = YES;
				COPY_PHASE_STRIP = NO;
				ENABLE_STRICT_OBJC_MSGSEND = YES;
				GCC_C_LANGUAGE_STANDARD = gnu99;
				GCC_DYNAMIC_NO_PIC = NO;
				GCC_OPTIMIZATION_LEVEL = 0;
				GCC_PREPROCESSOR_DEFINITIONS = (
					"DEBUG=1",
					"$(inherited)",
				);
				GCC_SYMBOLS_PRIVATE_EXTERN = NO;
				GCC_WARN_64_TO_32_BIT_CONVERSION = YES;
				GCC_WARN_ABOUT_RETURN_TYPE = YES_ERROR;
				GCC_WARN_UNDECLARED_SELECTOR = YES;
				GCC_WARN_UNINITIALIZED_AUTOS = YES_AGGRESSIVE;
				GCC_WARN_UNUSED_FUNCTION = YES;
				GCC_WARN_UNUSED_VARIABLE = YES;
				MACOSX_DEPLOYMENT_TARGET = 10.9;
				MTL_ENABLE_DEBUG_INFO = YES;
				ONLY_ACTIVE_ARCH = YES;
				SDKROOT = macosx;
			};
			name = Debug;
		};
		ECD57BD21A542C9B002BB416 /* Release */ = {
			isa = XCBuildConfiguration;
			buildSettings = {
				ALWAYS_SEARCH_USER_PATHS = NO;
				CLANG_CXX_LANGUAGE_STANDARD = "gnu++0x";
				CLANG_CXX_LIBRARY = "libc++";
				CLANG_ENABLE_MODULES = YES;
				CLANG_ENABLE_OBJC_ARC = YES;
				CLANG_WARN_BOOL_CONVERSION = YES;
				CLANG_WARN_CONSTANT_CONVERSION = YES;
				CLANG_WARN_DIRECT_OBJC_ISA_USAGE = YES_ERROR;
				CLANG_WARN_EMPTY_BODY = YES;
				CLANG_WARN_ENUM_CONVERSION = YES;
				CLANG_WARN_INT_CONVERSION = YES;
				CLANG_WARN_OBJC_ROOT_CLASS = YES_ERROR;
				CLANG_WARN_UNREACHABLE_CODE = YES;
				CLANG_WARN__DUPLICATE_METHOD_MATCH = YES;
				COPY_PHASE_STRIP = YES;
				DEBUG_INFORMATION_FORMAT = "dwarf-with-dsym";
				ENABLE_NS_ASSERTIONS = NO;
				ENABLE_STRICT_OBJC_MSGSEND = YES;
				GCC_C_LANGUAGE_STANDARD = gnu99;
				GCC_WARN_64_TO_32_BIT_CONVERSION = YES;
				GCC_WARN_ABOUT_RETURN_TYPE = YES_ERROR;
				GCC_WARN_UNDECLARED_SELECTOR = YES;
				GCC_WARN_UNINITIALIZED_AUTOS = YES_AGGRESSIVE;
				GCC_WARN_UNUSED_FUNCTION = YES;
				GCC_WARN_UNUSED_VARIABLE = YES;
				MACOSX_DEPLOYMENT_TARGET = 10.9;
				MTL_ENABLE_DEBUG_INFO = NO;
				SDKROOT = macosx;
			};
			name = Release;
		};
		ECD57BD41A542C9B002BB416 /* Debug */ = {
			isa = XCBuildConfiguration;
			buildSettings = {
				PRODUCT_NAME = "$(TARGET_NAME)";
			};
			name = Debug;
		};
		ECD57BD51A542C9B002BB416 /* Release */ = {
			isa = XCBuildConfiguration;
			buildSettings = {
				PRODUCT_NAME = "$(TARGET_NAME)";
			};
			name = Release;
		};
/* End XCBuildConfiguration section */

/* Begin XCConfigurationList section */
		ECD57BC71A542C9A002BB416 /* Build configuration list for PBXProject "DBLinkedList" */ = {
			isa = XCConfigurationList;
			buildConfigurations = (
				ECD57BD11A542C9B002BB416 /* Debug */,
				ECD57BD21A542C9B002BB416 /* Release */,
			);
			defaultConfigurationIsVisible = 0;
			defaultConfigurationName = Release;
		};
		ECD57BD31A542C9B002BB416 /* Build configuration list for PBXNativeTarget "DBLinkedList" */ = {
			isa = XCConfigurationList;
			buildConfigurations = (
				ECD57BD41A542C9B002BB416 /* Debug */,
				ECD57BD51A542C9B002BB416 /* Release */,
			);
			defaultConfigurationIsVisible = 0;
		};
/* End XCConfigurationList section */
	};
	rootObject = ECD57BC41A542C9A002BB416 /* Project object */;
}
